// !$*UTF8*$!
{
	archiveVersion = 1;
	classes = {
	};
	objectVersion = 51;
	objects = {

/* Begin PBXBuildFile section */
		2CC42F8D89EBB53E375BEAFC /* Pods_Hymns.framework in Frameworks */ = {isa = PBXBuildFile; fileRef = 2922BBF04AE546DD8D572B7F /* Pods_Hymns.framework */; };
		374F61734FCA4CAC4DB35F71 /* Pods_HymnsTests.framework in Frameworks */ = {isa = PBXBuildFile; fileRef = E224832811EC335FDE23F9FE /* Pods_HymnsTests.framework */; };
		3B1B90132429CF55009FDCC5 /* AppDelegate.swift in Sources */ = {isa = PBXBuildFile; fileRef = 3B1B90122429CF55009FDCC5 /* AppDelegate.swift */; };
		3B1B90152429CF55009FDCC5 /* SceneDelegate.swift in Sources */ = {isa = PBXBuildFile; fileRef = 3B1B90142429CF55009FDCC5 /* SceneDelegate.swift */; };
		3B1B90182429CF55009FDCC5 /* Hymns.xcdatamodeld in Sources */ = {isa = PBXBuildFile; fileRef = 3B1B90162429CF55009FDCC5 /* Hymns.xcdatamodeld */; };
		3B1B901A2429CF55009FDCC5 /* HomeScreenView.swift in Sources */ = {isa = PBXBuildFile; fileRef = 3B1B90192429CF55009FDCC5 /* HomeScreenView.swift */; };
		3B1B901C2429CF57009FDCC5 /* Assets.xcassets in Resources */ = {isa = PBXBuildFile; fileRef = 3B1B901B2429CF57009FDCC5 /* Assets.xcassets */; };
		3B1B901F2429CF57009FDCC5 /* Preview Assets.xcassets in Resources */ = {isa = PBXBuildFile; fileRef = 3B1B901E2429CF57009FDCC5 /* Preview Assets.xcassets */; };
		3B1B90222429CF57009FDCC5 /* LaunchScreen.storyboard in Resources */ = {isa = PBXBuildFile; fileRef = 3B1B90202429CF57009FDCC5 /* LaunchScreen.storyboard */; };
		3B1B90382429CF57009FDCC5 /* HymnsUITests.swift in Sources */ = {isa = PBXBuildFile; fileRef = 3B1B90372429CF57009FDCC5 /* HymnsUITests.swift */; };
		3B59359B243544EF00E6993C /* HymnalApiService.swift in Sources */ = {isa = PBXBuildFile; fileRef = 3B59359A243544EF00E6993C /* HymnalApiService.swift */; };
		3B5935A0243566A400E6993C /* VerseType.swift in Sources */ = {isa = PBXBuildFile; fileRef = 3B59359F243566A400E6993C /* VerseType.swift */; };
		3B5935A22435685400E6993C /* Verse.swift in Sources */ = {isa = PBXBuildFile; fileRef = 3B5935A12435685400E6993C /* Verse.swift */; };
		3B5935A424357CA000E6993C /* HymnType.swift in Sources */ = {isa = PBXBuildFile; fileRef = 3B5935A324357CA000E6993C /* HymnType.swift */; };
		3B5935A62435848F00E6993C /* Datum.swift in Sources */ = {isa = PBXBuildFile; fileRef = 3B5935A52435848F00E6993C /* Datum.swift */; };
		3B5935A8243584F700E6993C /* MetaDatum.swift in Sources */ = {isa = PBXBuildFile; fileRef = 3B5935A7243584F700E6993C /* MetaDatum.swift */; };
		3B5935B124358D1B00E6993C /* Hymn.swift in Sources */ = {isa = PBXBuildFile; fileRef = 3B5935B024358D1B00E6993C /* Hymn.swift */; };
		3B5935B62435A07000E6993C /* HymnLyricsView.swift in Sources */ = {isa = PBXBuildFile; fileRef = 3B5935B52435A07000E6993C /* HymnLyricsView.swift */; };
		3B5935B82435A4E400E6993C /* HymnLyricsViewModel.swift in Sources */ = {isa = PBXBuildFile; fileRef = 3B5935B72435A4E400E6993C /* HymnLyricsViewModel.swift */; };
		3B5935BB2435B7A400E6993C /* AppDelegate+Injection.swift in Sources */ = {isa = PBXBuildFile; fileRef = 3B5935BA2435B7A400E6993C /* AppDelegate+Injection.swift */; };
		3B5935C02435C6A300E6993C /* HymnsRepository.swift in Sources */ = {isa = PBXBuildFile; fileRef = 3B5935BF2435C6A300E6993C /* HymnsRepository.swift */; };
		3B5935C22435CAC800E6993C /* HymnIdentifier.swift in Sources */ = {isa = PBXBuildFile; fileRef = 3B5935C12435CAC800E6993C /* HymnIdentifier.swift */; };
		3B5935C42435D6BE00E6993C /* Repository+Injection.swift in Sources */ = {isa = PBXBuildFile; fileRef = 3B5935C32435D6BE00E6993C /* Repository+Injection.swift */; };
		3B5FD7242436B20A00B65132 /* HymnsRepositoryImplTest.swift in Sources */ = {isa = PBXBuildFile; fileRef = 3B5FD7232436B20A00B65132 /* HymnsRepositoryImplTest.swift */; };
		3B7555C82437C24F00DA17F6 /* HymnLyricsViewModelTest.swift in Sources */ = {isa = PBXBuildFile; fileRef = 3B7555C72437C24F00DA17F6 /* HymnLyricsViewModelTest.swift */; };
		5CA7849C242D14BA00B57903 /* SettingsView.swift in Sources */ = {isa = PBXBuildFile; fileRef = 5CA7849B242D14BA00B57903 /* SettingsView.swift */; };
		5CA7849E242D14C800B57903 /* FavoritesView.swift in Sources */ = {isa = PBXBuildFile; fileRef = 5CA7849D242D14C800B57903 /* FavoritesView.swift */; };
		5CA784A0242D1A3200B57903 /* BrowseView.swift in Sources */ = {isa = PBXBuildFile; fileRef = 5CA7849F242D1A3200B57903 /* BrowseView.swift */; };
		5CA784A4242D1CF800B57903 /* HomeView.swift in Sources */ = {isa = PBXBuildFile; fileRef = 5CA784A3242D1CF800B57903 /* HomeView.swift */; };
		5CAF7433242B98DF00A847E2 /* DummyTestData.swift in Sources */ = {isa = PBXBuildFile; fileRef = 5CAF7432242B98DF00A847E2 /* DummyTestData.swift */; };
		5CAF7435242B991100A847E2 /* SearchBarModel.swift in Sources */ = {isa = PBXBuildFile; fileRef = 5CAF7434242B991100A847E2 /* SearchBarModel.swift */; };
		B51BA5C92430075300CA52F7 /* DetailHymnScreen.swift in Sources */ = {isa = PBXBuildFile; fileRef = B51BA5C82430075300CA52F7 /* DetailHymnScreen.swift */; };
		B57314812433885D000F8C07 /* SearchBarSearchView.swift in Sources */ = {isa = PBXBuildFile; fileRef = B57314802433885D000F8C07 /* SearchBarSearchView.swift */; };
		B5E61B31242E59C400EF497D /* HomeSearchView.swift in Sources */ = {isa = PBXBuildFile; fileRef = B5E61B30242E59C400EF497D /* HomeSearchView.swift */; };
		B5E61B34242E613D00EF497D /* Localizable.strings in Resources */ = {isa = PBXBuildFile; fileRef = B5E61B36242E613D00EF497D /* Localizable.strings */; };
		EF9D228545974074AF495E83 /* HymnsMocks.generated.swift in Sources */ = {isa = PBXBuildFile; fileRef = DD96F2BF8386A9E600A9B55C /* HymnsMocks.generated.swift */; };
		F6BC927B5DEF2C1CDE03DD41 /* Pods_Hymns_HymnsUITests.framework in Frameworks */ = {isa = PBXBuildFile; fileRef = 9FF4CD81E97B4D54A08CBF7A /* Pods_Hymns_HymnsUITests.framework */; };
/* End PBXBuildFile section */

/* Begin PBXContainerItemProxy section */
		3B1B90292429CF57009FDCC5 /* PBXContainerItemProxy */ = {
			isa = PBXContainerItemProxy;
			containerPortal = 3B1B90072429CF55009FDCC5 /* Project object */;
			proxyType = 1;
			remoteGlobalIDString = 3B1B900E2429CF55009FDCC5;
			remoteInfo = Hymns;
		};
		3B1B90342429CF57009FDCC5 /* PBXContainerItemProxy */ = {
			isa = PBXContainerItemProxy;
			containerPortal = 3B1B90072429CF55009FDCC5 /* Project object */;
			proxyType = 1;
			remoteGlobalIDString = 3B1B900E2429CF55009FDCC5;
			remoteInfo = Hymns;
		};
/* End PBXContainerItemProxy section */

/* Begin PBXFileReference section */
		064A786F861AD7BB96BA087A /* Pods-HymnsTests.debug.xcconfig */ = {isa = PBXFileReference; includeInIndex = 1; lastKnownFileType = text.xcconfig; name = "Pods-HymnsTests.debug.xcconfig"; path = "Target Support Files/Pods-HymnsTests/Pods-HymnsTests.debug.xcconfig"; sourceTree = "<group>"; };
		0FECFFCB60EDC30390AB3325 /* Pods-HymnsTests.release.xcconfig */ = {isa = PBXFileReference; includeInIndex = 1; lastKnownFileType = text.xcconfig; name = "Pods-HymnsTests.release.xcconfig"; path = "Target Support Files/Pods-HymnsTests/Pods-HymnsTests.release.xcconfig"; sourceTree = "<group>"; };
		2922BBF04AE546DD8D572B7F /* Pods_Hymns.framework */ = {isa = PBXFileReference; explicitFileType = wrapper.framework; includeInIndex = 0; path = Pods_Hymns.framework; sourceTree = BUILT_PRODUCTS_DIR; };
		3B1B900F2429CF55009FDCC5 /* Hymns.app */ = {isa = PBXFileReference; explicitFileType = wrapper.application; includeInIndex = 0; path = Hymns.app; sourceTree = BUILT_PRODUCTS_DIR; };
		3B1B90122429CF55009FDCC5 /* AppDelegate.swift */ = {isa = PBXFileReference; lastKnownFileType = sourcecode.swift; path = AppDelegate.swift; sourceTree = "<group>"; };
		3B1B90142429CF55009FDCC5 /* SceneDelegate.swift */ = {isa = PBXFileReference; lastKnownFileType = sourcecode.swift; path = SceneDelegate.swift; sourceTree = "<group>"; };
		3B1B90172429CF55009FDCC5 /* Hymns.xcdatamodel */ = {isa = PBXFileReference; lastKnownFileType = wrapper.xcdatamodel; path = Hymns.xcdatamodel; sourceTree = "<group>"; };
		3B1B90192429CF55009FDCC5 /* HomeScreenView.swift */ = {isa = PBXFileReference; lastKnownFileType = sourcecode.swift; path = HomeScreenView.swift; sourceTree = "<group>"; };
		3B1B901B2429CF57009FDCC5 /* Assets.xcassets */ = {isa = PBXFileReference; lastKnownFileType = folder.assetcatalog; path = Assets.xcassets; sourceTree = "<group>"; };
		3B1B901E2429CF57009FDCC5 /* Preview Assets.xcassets */ = {isa = PBXFileReference; lastKnownFileType = folder.assetcatalog; path = "Preview Assets.xcassets"; sourceTree = "<group>"; };
		3B1B90212429CF57009FDCC5 /* Base */ = {isa = PBXFileReference; lastKnownFileType = file.storyboard; name = Base; path = Base.lproj/LaunchScreen.storyboard; sourceTree = "<group>"; };
		3B1B90232429CF57009FDCC5 /* Info.plist */ = {isa = PBXFileReference; lastKnownFileType = text.plist.xml; path = Info.plist; sourceTree = "<group>"; };
		3B1B90282429CF57009FDCC5 /* HymnsTests.xctest */ = {isa = PBXFileReference; explicitFileType = wrapper.cfbundle; includeInIndex = 0; path = HymnsTests.xctest; sourceTree = BUILT_PRODUCTS_DIR; };
		3B1B902E2429CF57009FDCC5 /* Info.plist */ = {isa = PBXFileReference; lastKnownFileType = text.plist.xml; path = Info.plist; sourceTree = "<group>"; };
		3B1B90332429CF57009FDCC5 /* HymnsUITests.xctest */ = {isa = PBXFileReference; explicitFileType = wrapper.cfbundle; includeInIndex = 0; path = HymnsUITests.xctest; sourceTree = BUILT_PRODUCTS_DIR; };
		3B1B90372429CF57009FDCC5 /* HymnsUITests.swift */ = {isa = PBXFileReference; lastKnownFileType = sourcecode.swift; path = HymnsUITests.swift; sourceTree = "<group>"; };
		3B1B90392429CF57009FDCC5 /* Info.plist */ = {isa = PBXFileReference; lastKnownFileType = text.plist.xml; path = Info.plist; sourceTree = "<group>"; };
		3B59359A243544EF00E6993C /* HymnalApiService.swift */ = {isa = PBXFileReference; lastKnownFileType = sourcecode.swift; path = HymnalApiService.swift; sourceTree = "<group>"; };
		3B59359F243566A400E6993C /* VerseType.swift */ = {isa = PBXFileReference; lastKnownFileType = sourcecode.swift; path = VerseType.swift; sourceTree = "<group>"; };
		3B5935A12435685400E6993C /* Verse.swift */ = {isa = PBXFileReference; lastKnownFileType = sourcecode.swift; path = Verse.swift; sourceTree = "<group>"; };
		3B5935A324357CA000E6993C /* HymnType.swift */ = {isa = PBXFileReference; lastKnownFileType = sourcecode.swift; path = HymnType.swift; sourceTree = "<group>"; };
		3B5935A52435848F00E6993C /* Datum.swift */ = {isa = PBXFileReference; lastKnownFileType = sourcecode.swift; path = Datum.swift; sourceTree = "<group>"; };
		3B5935A7243584F700E6993C /* MetaDatum.swift */ = {isa = PBXFileReference; lastKnownFileType = sourcecode.swift; path = MetaDatum.swift; sourceTree = "<group>"; };
		3B5935B024358D1B00E6993C /* Hymn.swift */ = {isa = PBXFileReference; lastKnownFileType = sourcecode.swift; path = Hymn.swift; sourceTree = "<group>"; };
		3B5935B52435A07000E6993C /* HymnLyricsView.swift */ = {isa = PBXFileReference; lastKnownFileType = sourcecode.swift; path = HymnLyricsView.swift; sourceTree = "<group>"; };
		3B5935B72435A4E400E6993C /* HymnLyricsViewModel.swift */ = {isa = PBXFileReference; lastKnownFileType = sourcecode.swift; path = HymnLyricsViewModel.swift; sourceTree = "<group>"; };
		3B5935BA2435B7A400E6993C /* AppDelegate+Injection.swift */ = {isa = PBXFileReference; lastKnownFileType = sourcecode.swift; path = "AppDelegate+Injection.swift"; sourceTree = "<group>"; };
		3B5935BF2435C6A300E6993C /* HymnsRepository.swift */ = {isa = PBXFileReference; lastKnownFileType = sourcecode.swift; path = HymnsRepository.swift; sourceTree = "<group>"; };
		3B5935C12435CAC800E6993C /* HymnIdentifier.swift */ = {isa = PBXFileReference; lastKnownFileType = sourcecode.swift; path = HymnIdentifier.swift; sourceTree = "<group>"; };
		3B5935C32435D6BE00E6993C /* Repository+Injection.swift */ = {isa = PBXFileReference; lastKnownFileType = sourcecode.swift; path = "Repository+Injection.swift"; sourceTree = "<group>"; };
		3B5FD7232436B20A00B65132 /* HymnsRepositoryImplTest.swift */ = {isa = PBXFileReference; lastKnownFileType = sourcecode.swift; path = HymnsRepositoryImplTest.swift; sourceTree = "<group>"; };
		3B7555C72437C24F00DA17F6 /* HymnLyricsViewModelTest.swift */ = {isa = PBXFileReference; lastKnownFileType = sourcecode.swift; path = HymnLyricsViewModelTest.swift; sourceTree = "<group>"; };
		5CA7849B242D14BA00B57903 /* SettingsView.swift */ = {isa = PBXFileReference; lastKnownFileType = sourcecode.swift; path = SettingsView.swift; sourceTree = "<group>"; };
		5CA7849D242D14C800B57903 /* FavoritesView.swift */ = {isa = PBXFileReference; lastKnownFileType = sourcecode.swift; path = FavoritesView.swift; sourceTree = "<group>"; };
		5CA7849F242D1A3200B57903 /* BrowseView.swift */ = {isa = PBXFileReference; lastKnownFileType = sourcecode.swift; path = BrowseView.swift; sourceTree = "<group>"; };
		5CA784A3242D1CF800B57903 /* HomeView.swift */ = {isa = PBXFileReference; lastKnownFileType = sourcecode.swift; path = HomeView.swift; sourceTree = "<group>"; };
		5CAF7432242B98DF00A847E2 /* DummyTestData.swift */ = {isa = PBXFileReference; lastKnownFileType = sourcecode.swift; path = DummyTestData.swift; sourceTree = "<group>"; };
		5CAF7434242B991100A847E2 /* SearchBarModel.swift */ = {isa = PBXFileReference; lastKnownFileType = sourcecode.swift; path = SearchBarModel.swift; sourceTree = "<group>"; };
		75A109A0A4C2EADE7E1929AD /* Pods-Hymns.debug.xcconfig */ = {isa = PBXFileReference; includeInIndex = 1; lastKnownFileType = text.xcconfig; name = "Pods-Hymns.debug.xcconfig"; path = "Target Support Files/Pods-Hymns/Pods-Hymns.debug.xcconfig"; sourceTree = "<group>"; };
		9466945574ADDAA76B1261E1 /* Pods-Hymns-HymnsUITests.debug.xcconfig */ = {isa = PBXFileReference; includeInIndex = 1; lastKnownFileType = text.xcconfig; name = "Pods-Hymns-HymnsUITests.debug.xcconfig"; path = "Target Support Files/Pods-Hymns-HymnsUITests/Pods-Hymns-HymnsUITests.debug.xcconfig"; sourceTree = "<group>"; };
		95695C51EE642B34C3C8D8D8 /* Pods-Hymns.release.xcconfig */ = {isa = PBXFileReference; includeInIndex = 1; lastKnownFileType = text.xcconfig; name = "Pods-Hymns.release.xcconfig"; path = "Target Support Files/Pods-Hymns/Pods-Hymns.release.xcconfig"; sourceTree = "<group>"; };
		9FF4CD81E97B4D54A08CBF7A /* Pods_Hymns_HymnsUITests.framework */ = {isa = PBXFileReference; explicitFileType = wrapper.framework; includeInIndex = 0; path = Pods_Hymns_HymnsUITests.framework; sourceTree = BUILT_PRODUCTS_DIR; };
		B51BA5C82430075300CA52F7 /* DetailHymnScreen.swift */ = {isa = PBXFileReference; lastKnownFileType = sourcecode.swift; path = DetailHymnScreen.swift; sourceTree = "<group>"; };
		B57314802433885D000F8C07 /* SearchBarSearchView.swift */ = {isa = PBXFileReference; lastKnownFileType = sourcecode.swift; path = SearchBarSearchView.swift; sourceTree = "<group>"; };
		B5E61B30242E59C400EF497D /* HomeSearchView.swift */ = {isa = PBXFileReference; lastKnownFileType = sourcecode.swift; path = HomeSearchView.swift; sourceTree = "<group>"; };
		B5E61B35242E613D00EF497D /* en */ = {isa = PBXFileReference; lastKnownFileType = text.plist.strings; name = en; path = en.lproj/Localizable.strings; sourceTree = "<group>"; };
		B5E61B37242E62F600EF497D /* de */ = {isa = PBXFileReference; lastKnownFileType = text.plist.strings; name = de; path = de.lproj/Localizable.strings; sourceTree = "<group>"; };
		B5E61B38242E630000EF497D /* es */ = {isa = PBXFileReference; lastKnownFileType = text.plist.strings; name = es; path = es.lproj/Localizable.strings; sourceTree = "<group>"; };
		D0C01808E20DDA1BCF911970 /* Pods-Hymns-HymnsUITests.release.xcconfig */ = {isa = PBXFileReference; includeInIndex = 1; lastKnownFileType = text.xcconfig; name = "Pods-Hymns-HymnsUITests.release.xcconfig"; path = "Target Support Files/Pods-Hymns-HymnsUITests/Pods-Hymns-HymnsUITests.release.xcconfig"; sourceTree = "<group>"; };
		DD96F2BF8386A9E600A9B55C /* HymnsMocks.generated.swift */ = {isa = PBXFileReference; explicitFileType = sourcecode.swift; name = HymnsMocks.generated.swift; path = MockingbirdMocks/HymnsMocks.generated.swift; sourceTree = "<group>"; };
		E224832811EC335FDE23F9FE /* Pods_HymnsTests.framework */ = {isa = PBXFileReference; explicitFileType = wrapper.framework; includeInIndex = 0; path = Pods_HymnsTests.framework; sourceTree = BUILT_PRODUCTS_DIR; };
/* End PBXFileReference section */

/* Begin PBXFrameworksBuildPhase section */
		3B1B900C2429CF55009FDCC5 /* Frameworks */ = {
			isa = PBXFrameworksBuildPhase;
			buildActionMask = 2147483647;
			files = (
				2CC42F8D89EBB53E375BEAFC /* Pods_Hymns.framework in Frameworks */,
			);
			runOnlyForDeploymentPostprocessing = 0;
		};
		3B1B90252429CF57009FDCC5 /* Frameworks */ = {
			isa = PBXFrameworksBuildPhase;
			buildActionMask = 2147483647;
			files = (
				374F61734FCA4CAC4DB35F71 /* Pods_HymnsTests.framework in Frameworks */,
			);
			runOnlyForDeploymentPostprocessing = 0;
		};
		3B1B90302429CF57009FDCC5 /* Frameworks */ = {
			isa = PBXFrameworksBuildPhase;
			buildActionMask = 2147483647;
			files = (
				F6BC927B5DEF2C1CDE03DD41 /* Pods_Hymns_HymnsUITests.framework in Frameworks */,
			);
			runOnlyForDeploymentPostprocessing = 0;
		};
/* End PBXFrameworksBuildPhase section */

/* Begin PBXGroup section */
		1C187AD4C2CB9E2415FD0B0A /* Generated Mocks */ = {
			isa = PBXGroup;
			children = (
				DD96F2BF8386A9E600A9B55C /* HymnsMocks.generated.swift */,
			);
			name = "Generated Mocks";
			sourceTree = "<group>";
		};
		3B1B90062429CF55009FDCC5 = {
			isa = PBXGroup;
			children = (
				3B1B90112429CF55009FDCC5 /* Hymns */,
				3B1B902B2429CF57009FDCC5 /* HymnsTests */,
				3B1B90362429CF57009FDCC5 /* HymnsUITests */,
				3B1B90102429CF55009FDCC5 /* Products */,
				8E21761C8B5F357ED0CB6D4E /* Pods */,
				F2101760ED5597D49945CF18 /* Frameworks */,
				1C187AD4C2CB9E2415FD0B0A /* Generated Mocks */,
			);
			sourceTree = "<group>";
		};
		3B1B90102429CF55009FDCC5 /* Products */ = {
			isa = PBXGroup;
			children = (
				3B1B900F2429CF55009FDCC5 /* Hymns.app */,
				3B1B90282429CF57009FDCC5 /* HymnsTests.xctest */,
				3B1B90332429CF57009FDCC5 /* HymnsUITests.xctest */,
			);
			name = Products;
			sourceTree = "<group>";
		};
		3B1B90112429CF55009FDCC5 /* Hymns */ = {
			isa = PBXGroup;
			children = (
				3B59359824353D8500E6993C /* Display */,
				3B59359724353C8D00E6993C /* Infrastructure */,
				3B5935BE2435C5E700E6993C /* Repository */,
				3B1B90122429CF55009FDCC5 /* AppDelegate.swift */,
				3B1B90142429CF55009FDCC5 /* SceneDelegate.swift */,
				3B1B90192429CF55009FDCC5 /* HomeScreenView.swift */,
				5CAF7432242B98DF00A847E2 /* DummyTestData.swift */,
				5CAF7434242B991100A847E2 /* SearchBarModel.swift */,
				B57314802433885D000F8C07 /* SearchBarSearchView.swift */,
				B5E61B30242E59C400EF497D /* HomeSearchView.swift */,
				B51BA5C82430075300CA52F7 /* DetailHymnScreen.swift */,
				5CA784A3242D1CF800B57903 /* HomeView.swift */,
				5CA7849B242D14BA00B57903 /* SettingsView.swift */,
				5CA7849D242D14C800B57903 /* FavoritesView.swift */,
				5CA7849F242D1A3200B57903 /* BrowseView.swift */,
				B5E61B36242E613D00EF497D /* Localizable.strings */,
				3B1B901B2429CF57009FDCC5 /* Assets.xcassets */,
				3B1B90202429CF57009FDCC5 /* LaunchScreen.storyboard */,
				3B1B90232429CF57009FDCC5 /* Info.plist */,
				3B1B90162429CF55009FDCC5 /* Hymns.xcdatamodeld */,
				3B1B901D2429CF57009FDCC5 /* Preview Content */,
			);
			path = Hymns;
			sourceTree = "<group>";
		};
		3B1B901D2429CF57009FDCC5 /* Preview Content */ = {
			isa = PBXGroup;
			children = (
				3B1B901E2429CF57009FDCC5 /* Preview Assets.xcassets */,
			);
			path = "Preview Content";
			sourceTree = "<group>";
		};
		3B1B902B2429CF57009FDCC5 /* HymnsTests */ = {
			isa = PBXGroup;
			children = (
				3B7555C62437C22300DA17F6 /* Display */,
				3B5FD7222436B1F300B65132 /* Repository */,
				3B1B902E2429CF57009FDCC5 /* Info.plist */,
			);
			path = HymnsTests;
			sourceTree = "<group>";
		};
		3B1B90362429CF57009FDCC5 /* HymnsUITests */ = {
			isa = PBXGroup;
			children = (
				3B1B90372429CF57009FDCC5 /* HymnsUITests.swift */,
				3B1B90392429CF57009FDCC5 /* Info.plist */,
			);
			path = HymnsUITests;
			sourceTree = "<group>";
		};
		3B59359724353C8D00E6993C /* Infrastructure */ = {
			isa = PBXGroup;
			children = (
				3B5935B92435B75100E6993C /* Dependency Injection */,
				3B59359D24355EA500E6993C /* Data */,
			);
			path = Infrastructure;
			sourceTree = "<group>";
		};
		3B59359824353D8500E6993C /* Display */ = {
			isa = PBXGroup;
			children = (
				3B5935B72435A4E400E6993C /* HymnLyricsViewModel.swift */,
				3B5935B52435A07000E6993C /* HymnLyricsView.swift */,
			);
			path = Display;
			sourceTree = "<group>";
		};
		3B59359D24355EA500E6993C /* Data */ = {
			isa = PBXGroup;
			children = (
				3B59359E2435662300E6993C /* Models */,
				3B59359A243544EF00E6993C /* HymnalApiService.swift */,
			);
			path = Data;
			sourceTree = "<group>";
		};
		3B59359E2435662300E6993C /* Models */ = {
			isa = PBXGroup;
			children = (
				3B59359F243566A400E6993C /* VerseType.swift */,
				3B5935A7243584F700E6993C /* MetaDatum.swift */,
				3B5935C12435CAC800E6993C /* HymnIdentifier.swift */,
				3B5935A12435685400E6993C /* Verse.swift */,
				3B5935A324357CA000E6993C /* HymnType.swift */,
				3B5935A52435848F00E6993C /* Datum.swift */,
				3B5935B024358D1B00E6993C /* Hymn.swift */,
			);
			path = Models;
			sourceTree = "<group>";
		};
		3B5935B92435B75100E6993C /* Dependency Injection */ = {
			isa = PBXGroup;
			children = (
				3B5935BA2435B7A400E6993C /* AppDelegate+Injection.swift */,
			);
			path = "Dependency Injection";
			sourceTree = "<group>";
		};
		3B5935BE2435C5E700E6993C /* Repository */ = {
			isa = PBXGroup;
			children = (
				3B5935BF2435C6A300E6993C /* HymnsRepository.swift */,
				3B5935C32435D6BE00E6993C /* Repository+Injection.swift */,
			);
			path = Repository;
			sourceTree = "<group>";
		};
		3B5FD7222436B1F300B65132 /* Repository */ = {
			isa = PBXGroup;
			children = (
				3B5FD7232436B20A00B65132 /* HymnsRepositoryImplTest.swift */,
			);
			path = Repository;
			sourceTree = "<group>";
		};
		3B7555C62437C22300DA17F6 /* Display */ = {
			isa = PBXGroup;
			children = (
				3B7555C72437C24F00DA17F6 /* HymnLyricsViewModelTest.swift */,
			);
			path = Display;
			sourceTree = "<group>";
		};
		8E21761C8B5F357ED0CB6D4E /* Pods */ = {
			isa = PBXGroup;
			children = (
				75A109A0A4C2EADE7E1929AD /* Pods-Hymns.debug.xcconfig */,
				95695C51EE642B34C3C8D8D8 /* Pods-Hymns.release.xcconfig */,
				9466945574ADDAA76B1261E1 /* Pods-Hymns-HymnsUITests.debug.xcconfig */,
				D0C01808E20DDA1BCF911970 /* Pods-Hymns-HymnsUITests.release.xcconfig */,
				064A786F861AD7BB96BA087A /* Pods-HymnsTests.debug.xcconfig */,
				0FECFFCB60EDC30390AB3325 /* Pods-HymnsTests.release.xcconfig */,
			);
			path = Pods;
			sourceTree = "<group>";
		};
		F2101760ED5597D49945CF18 /* Frameworks */ = {
			isa = PBXGroup;
			children = (
				2922BBF04AE546DD8D572B7F /* Pods_Hymns.framework */,
				9FF4CD81E97B4D54A08CBF7A /* Pods_Hymns_HymnsUITests.framework */,
				E224832811EC335FDE23F9FE /* Pods_HymnsTests.framework */,
			);
			name = Frameworks;
			sourceTree = "<group>";
		};
/* End PBXGroup section */

/* Begin PBXNativeTarget section */
		3B1B900E2429CF55009FDCC5 /* Hymns */ = {
			isa = PBXNativeTarget;
			buildConfigurationList = 3B1B903C2429CF57009FDCC5 /* Build configuration list for PBXNativeTarget "Hymns" */;
			buildPhases = (
				EBDBE3E81169F973E94918A0 /* [CP] Check Pods Manifest.lock */,
				3B1B900B2429CF55009FDCC5 /* Sources */,
				3B1B900C2429CF55009FDCC5 /* Frameworks */,
				3B1B900D2429CF55009FDCC5 /* Resources */,
				5CAF7436242BA08A00A847E2 /* ShellScript */,
				328A4375C99B17D198E1B588 /* [CP] Embed Pods Frameworks */,
			);
			buildRules = (
			);
			dependencies = (
			);
			name = Hymns;
			productName = Hymns;
			productReference = 3B1B900F2429CF55009FDCC5 /* Hymns.app */;
			productType = "com.apple.product-type.application";
		};
		3B1B90272429CF57009FDCC5 /* HymnsTests */ = {
			isa = PBXNativeTarget;
			buildConfigurationList = 3B1B903F2429CF57009FDCC5 /* Build configuration list for PBXNativeTarget "HymnsTests" */;
			buildPhases = (
				BE9DADA9347618F1B938A6D0 /* [CP] Check Pods Manifest.lock */,
				3A115107F985DDD10E6D54DC /* Clean Mockingbird Mocks */,
				5E43F543CF316F97414F0E04 /* Generate Mockingbird Mocks */,
				3B1B90242429CF57009FDCC5 /* Sources */,
				3B1B90252429CF57009FDCC5 /* Frameworks */,
				3B1B90262429CF57009FDCC5 /* Resources */,
				D6B87AE112FCF87301C0F41E /* [CP] Embed Pods Frameworks */,
			);
			buildRules = (
			);
			dependencies = (
				3B1B902A2429CF57009FDCC5 /* PBXTargetDependency */,
			);
			name = HymnsTests;
			productName = HymnsTests;
			productReference = 3B1B90282429CF57009FDCC5 /* HymnsTests.xctest */;
			productType = "com.apple.product-type.bundle.unit-test";
		};
		3B1B90322429CF57009FDCC5 /* HymnsUITests */ = {
			isa = PBXNativeTarget;
			buildConfigurationList = 3B1B90422429CF57009FDCC5 /* Build configuration list for PBXNativeTarget "HymnsUITests" */;
			buildPhases = (
				7F72B2C2F9B652B3F8DD530C /* [CP] Check Pods Manifest.lock */,
				3B1B902F2429CF57009FDCC5 /* Sources */,
				3B1B90302429CF57009FDCC5 /* Frameworks */,
				3B1B90312429CF57009FDCC5 /* Resources */,
				3DFB191BD1BB79BA2AAB2A89 /* [CP] Embed Pods Frameworks */,
			);
			buildRules = (
			);
			dependencies = (
				3B1B90352429CF57009FDCC5 /* PBXTargetDependency */,
			);
			name = HymnsUITests;
			productName = HymnsUITests;
			productReference = 3B1B90332429CF57009FDCC5 /* HymnsUITests.xctest */;
			productType = "com.apple.product-type.bundle.ui-testing";
		};
/* End PBXNativeTarget section */

/* Begin PBXProject section */
		3B1B90072429CF55009FDCC5 /* Project object */ = {
			isa = PBXProject;
			attributes = {
				LastSwiftUpdateCheck = 1130;
				LastUpgradeCheck = 1130;
				ORGANIZATIONNAME = skywalkerdude;
				TargetAttributes = {
					3B1B900E2429CF55009FDCC5 = {
						CreatedOnToolsVersion = 11.3.1;
					};
					3B1B90272429CF57009FDCC5 = {
						CreatedOnToolsVersion = 11.3.1;
						TestTargetID = 3B1B900E2429CF55009FDCC5;
					};
					3B1B90322429CF57009FDCC5 = {
						CreatedOnToolsVersion = 11.3.1;
						TestTargetID = 3B1B900E2429CF55009FDCC5;
					};
				};
			};
			buildConfigurationList = 3B1B900A2429CF55009FDCC5 /* Build configuration list for PBXProject "Hymns" */;
			compatibilityVersion = "Xcode 9.3";
			developmentRegion = en;
			hasScannedForEncodings = 0;
			knownRegions = (
				en,
				Base,
				de,
				es,
			);
			mainGroup = 3B1B90062429CF55009FDCC5;
			productRefGroup = 3B1B90102429CF55009FDCC5 /* Products */;
			projectDirPath = "";
			projectRoot = "";
			targets = (
				3B1B900E2429CF55009FDCC5 /* Hymns */,
				3B1B90272429CF57009FDCC5 /* HymnsTests */,
				3B1B90322429CF57009FDCC5 /* HymnsUITests */,
			);
		};
/* End PBXProject section */

/* Begin PBXResourcesBuildPhase section */
		3B1B900D2429CF55009FDCC5 /* Resources */ = {
			isa = PBXResourcesBuildPhase;
			buildActionMask = 2147483647;
			files = (
				3B1B90222429CF57009FDCC5 /* LaunchScreen.storyboard in Resources */,
				B5E61B34242E613D00EF497D /* Localizable.strings in Resources */,
				3B1B901F2429CF57009FDCC5 /* Preview Assets.xcassets in Resources */,
				3B1B901C2429CF57009FDCC5 /* Assets.xcassets in Resources */,
			);
			runOnlyForDeploymentPostprocessing = 0;
		};
		3B1B90262429CF57009FDCC5 /* Resources */ = {
			isa = PBXResourcesBuildPhase;
			buildActionMask = 2147483647;
			files = (
			);
			runOnlyForDeploymentPostprocessing = 0;
		};
		3B1B90312429CF57009FDCC5 /* Resources */ = {
			isa = PBXResourcesBuildPhase;
			buildActionMask = 2147483647;
			files = (
			);
			runOnlyForDeploymentPostprocessing = 0;
		};
/* End PBXResourcesBuildPhase section */

/* Begin PBXShellScriptBuildPhase section */
		328A4375C99B17D198E1B588 /* [CP] Embed Pods Frameworks */ = {
			isa = PBXShellScriptBuildPhase;
			buildActionMask = 2147483647;
			files = (
			);
			inputFileListPaths = (
				"${PODS_ROOT}/Target Support Files/Pods-Hymns/Pods-Hymns-frameworks-${CONFIGURATION}-input-files.xcfilelist",
			);
			inputPaths = (
			);
			name = "[CP] Embed Pods Frameworks";
			outputFileListPaths = (
				"${PODS_ROOT}/Target Support Files/Pods-Hymns/Pods-Hymns-frameworks-${CONFIGURATION}-output-files.xcfilelist",
			);
			outputPaths = (
			);
			runOnlyForDeploymentPostprocessing = 0;
			shellPath = /bin/sh;
			shellScript = "\"${PODS_ROOT}/Target Support Files/Pods-Hymns/Pods-Hymns-frameworks.sh\"\n";
			showEnvVarsInLog = 0;
		};
		3A115107F985DDD10E6D54DC /* Clean Mockingbird Mocks */ = {
			isa = PBXShellScriptBuildPhase;
			buildActionMask = 2147483647;
			files = (
			);
			inputPaths = (
			);
			name = "Clean Mockingbird Mocks";
			outputPaths = (
				"/tmp/Mockingbird-6B5D07A6-FF57-4CCD-8248-A22177A601E6",
			);
			runOnlyForDeploymentPostprocessing = 0;
			shellPath = /bin/sh;
			shellScript = "echo $RANDOM > '/tmp/Mockingbird-6B5D07A6-FF57-4CCD-8248-A22177A601E6'\n";
		};
		3DFB191BD1BB79BA2AAB2A89 /* [CP] Embed Pods Frameworks */ = {
			isa = PBXShellScriptBuildPhase;
			buildActionMask = 2147483647;
			files = (
			);
			inputFileListPaths = (
				"${PODS_ROOT}/Target Support Files/Pods-Hymns-HymnsUITests/Pods-Hymns-HymnsUITests-frameworks-${CONFIGURATION}-input-files.xcfilelist",
			);
			inputPaths = (
			);
			name = "[CP] Embed Pods Frameworks";
			outputFileListPaths = (
				"${PODS_ROOT}/Target Support Files/Pods-Hymns-HymnsUITests/Pods-Hymns-HymnsUITests-frameworks-${CONFIGURATION}-output-files.xcfilelist",
			);
			outputPaths = (
			);
			runOnlyForDeploymentPostprocessing = 0;
			shellPath = /bin/sh;
			shellScript = "\"${PODS_ROOT}/Target Support Files/Pods-Hymns-HymnsUITests/Pods-Hymns-HymnsUITests-frameworks.sh\"\n";
			showEnvVarsInLog = 0;
		};
		5CAF7436242BA08A00A847E2 /* ShellScript */ = {
			isa = PBXShellScriptBuildPhase;
			buildActionMask = 2147483647;
			files = (
			);
			inputFileListPaths = (
			);
			inputPaths = (
			);
			outputFileListPaths = (
			);
			outputPaths = (
			);
			runOnlyForDeploymentPostprocessing = 0;
			shellPath = /bin/sh;
			shellScript = "if which swiftlint >/dev/null; then\n    swiftlint\nelse echo \"warning: SwiftLint not installed, brew install SwiftLint\"\nfi\n";
		};
		5E43F543CF316F97414F0E04 /* Generate Mockingbird Mocks */ = {
			isa = PBXShellScriptBuildPhase;
			buildActionMask = 2147483647;
			files = (
			);
			inputPaths = (
				"/tmp/Mockingbird-6B5D07A6-FF57-4CCD-8248-A22177A601E6",
			);
			name = "Generate Mockingbird Mocks";
			outputPaths = (
				/Users/lukelu/xCode/Hymns/MockingbirdMocks/HymnsMocks.generated.swift,
			);
			runOnlyForDeploymentPostprocessing = 0;
			shellPath = /bin/sh;
			shellScript = "mockingbird generate \\\n  --targets 'Hymns' \\\n  --outputs '/Users/lukelu/xCode/Hymns/MockingbirdMocks/HymnsMocks.generated.swift' \\\n  --disable-swiftlint\n\n# Ensure mocks are generated prior to running Compile Sources\nrm -f '/tmp/Mockingbird-6B5D07A6-FF57-4CCD-8248-A22177A601E6'\n";
		};
		7F72B2C2F9B652B3F8DD530C /* [CP] Check Pods Manifest.lock */ = {
			isa = PBXShellScriptBuildPhase;
			buildActionMask = 2147483647;
			files = (
			);
			inputFileListPaths = (
			);
			inputPaths = (
				"${PODS_PODFILE_DIR_PATH}/Podfile.lock",
				"${PODS_ROOT}/Manifest.lock",
			);
			name = "[CP] Check Pods Manifest.lock";
			outputFileListPaths = (
			);
			outputPaths = (
				"$(DERIVED_FILE_DIR)/Pods-Hymns-HymnsUITests-checkManifestLockResult.txt",
			);
			runOnlyForDeploymentPostprocessing = 0;
			shellPath = /bin/sh;
			shellScript = "diff \"${PODS_PODFILE_DIR_PATH}/Podfile.lock\" \"${PODS_ROOT}/Manifest.lock\" > /dev/null\nif [ $? != 0 ] ; then\n    # print error to STDERR\n    echo \"error: The sandbox is not in sync with the Podfile.lock. Run 'pod install' or update your CocoaPods installation.\" >&2\n    exit 1\nfi\n# This output is used by Xcode 'outputs' to avoid re-running this script phase.\necho \"SUCCESS\" > \"${SCRIPT_OUTPUT_FILE_0}\"\n";
			showEnvVarsInLog = 0;
		};
		BE9DADA9347618F1B938A6D0 /* [CP] Check Pods Manifest.lock */ = {
			isa = PBXShellScriptBuildPhase;
			buildActionMask = 2147483647;
			files = (
			);
			inputFileListPaths = (
			);
			inputPaths = (
				"${PODS_PODFILE_DIR_PATH}/Podfile.lock",
				"${PODS_ROOT}/Manifest.lock",
			);
			name = "[CP] Check Pods Manifest.lock";
			outputFileListPaths = (
			);
			outputPaths = (
				"$(DERIVED_FILE_DIR)/Pods-HymnsTests-checkManifestLockResult.txt",
			);
			runOnlyForDeploymentPostprocessing = 0;
			shellPath = /bin/sh;
			shellScript = "diff \"${PODS_PODFILE_DIR_PATH}/Podfile.lock\" \"${PODS_ROOT}/Manifest.lock\" > /dev/null\nif [ $? != 0 ] ; then\n    # print error to STDERR\n    echo \"error: The sandbox is not in sync with the Podfile.lock. Run 'pod install' or update your CocoaPods installation.\" >&2\n    exit 1\nfi\n# This output is used by Xcode 'outputs' to avoid re-running this script phase.\necho \"SUCCESS\" > \"${SCRIPT_OUTPUT_FILE_0}\"\n";
			showEnvVarsInLog = 0;
		};
		D6B87AE112FCF87301C0F41E /* [CP] Embed Pods Frameworks */ = {
			isa = PBXShellScriptBuildPhase;
			buildActionMask = 2147483647;
			files = (
			);
			inputFileListPaths = (
				"${PODS_ROOT}/Target Support Files/Pods-HymnsTests/Pods-HymnsTests-frameworks-${CONFIGURATION}-input-files.xcfilelist",
			);
			inputPaths = (
			);
			name = "[CP] Embed Pods Frameworks";
			outputFileListPaths = (
				"${PODS_ROOT}/Target Support Files/Pods-HymnsTests/Pods-HymnsTests-frameworks-${CONFIGURATION}-output-files.xcfilelist",
			);
			outputPaths = (
			);
			runOnlyForDeploymentPostprocessing = 0;
			shellPath = /bin/sh;
			shellScript = "\"${PODS_ROOT}/Target Support Files/Pods-HymnsTests/Pods-HymnsTests-frameworks.sh\"\n";
			showEnvVarsInLog = 0;
		};
		EBDBE3E81169F973E94918A0 /* [CP] Check Pods Manifest.lock */ = {
			isa = PBXShellScriptBuildPhase;
			buildActionMask = 2147483647;
			files = (
			);
			inputFileListPaths = (
			);
			inputPaths = (
				"${PODS_PODFILE_DIR_PATH}/Podfile.lock",
				"${PODS_ROOT}/Manifest.lock",
			);
			name = "[CP] Check Pods Manifest.lock";
			outputFileListPaths = (
			);
			outputPaths = (
				"$(DERIVED_FILE_DIR)/Pods-Hymns-checkManifestLockResult.txt",
			);
			runOnlyForDeploymentPostprocessing = 0;
			shellPath = /bin/sh;
			shellScript = "diff \"${PODS_PODFILE_DIR_PATH}/Podfile.lock\" \"${PODS_ROOT}/Manifest.lock\" > /dev/null\nif [ $? != 0 ] ; then\n    # print error to STDERR\n    echo \"error: The sandbox is not in sync with the Podfile.lock. Run 'pod install' or update your CocoaPods installation.\" >&2\n    exit 1\nfi\n# This output is used by Xcode 'outputs' to avoid re-running this script phase.\necho \"SUCCESS\" > \"${SCRIPT_OUTPUT_FILE_0}\"\n";
			showEnvVarsInLog = 0;
		};
/* End PBXShellScriptBuildPhase section */

/* Begin PBXSourcesBuildPhase section */
		3B1B900B2429CF55009FDCC5 /* Sources */ = {
			isa = PBXSourcesBuildPhase;
			buildActionMask = 2147483647;
			files = (
				5CA784A4242D1CF800B57903 /* HomeView.swift in Sources */,
				3B5935C42435D6BE00E6993C /* Repository+Injection.swift in Sources */,
				3B5935A0243566A400E6993C /* VerseType.swift in Sources */,
				B5E61B31242E59C400EF497D /* HomeSearchView.swift in Sources */,
				3B1B90182429CF55009FDCC5 /* Hymns.xcdatamodeld in Sources */,
				3B5935A424357CA000E6993C /* HymnType.swift in Sources */,
				5CA7849C242D14BA00B57903 /* SettingsView.swift in Sources */,
				3B5935B62435A07000E6993C /* HymnLyricsView.swift in Sources */,
				3B5935C22435CAC800E6993C /* HymnIdentifier.swift in Sources */,
				B51BA5C92430075300CA52F7 /* DetailHymnScreen.swift in Sources */,
				3B59359B243544EF00E6993C /* HymnalApiService.swift in Sources */,
				5CA784A0242D1A3200B57903 /* BrowseView.swift in Sources */,
				3B1B90132429CF55009FDCC5 /* AppDelegate.swift in Sources */,
				3B5935C02435C6A300E6993C /* HymnsRepository.swift in Sources */,
				5CAF7433242B98DF00A847E2 /* DummyTestData.swift in Sources */,
				3B1B901A2429CF55009FDCC5 /* HomeScreenView.swift in Sources */,
				3B5935B82435A4E400E6993C /* HymnLyricsViewModel.swift in Sources */,
				3B5935B124358D1B00E6993C /* Hymn.swift in Sources */,
				3B5935BB2435B7A400E6993C /* AppDelegate+Injection.swift in Sources */,
				3B5935A22435685400E6993C /* Verse.swift in Sources */,
				B57314812433885D000F8C07 /* SearchBarSearchView.swift in Sources */,
				5CAF7435242B991100A847E2 /* SearchBarModel.swift in Sources */,
				3B5935A8243584F700E6993C /* MetaDatum.swift in Sources */,
				3B1B90152429CF55009FDCC5 /* SceneDelegate.swift in Sources */,
				5CA7849E242D14C800B57903 /* FavoritesView.swift in Sources */,
				3B5935A62435848F00E6993C /* Datum.swift in Sources */,
			);
			runOnlyForDeploymentPostprocessing = 0;
		};
		3B1B90242429CF57009FDCC5 /* Sources */ = {
			isa = PBXSourcesBuildPhase;
			buildActionMask = 2147483647;
			files = (
				3B5FD7242436B20A00B65132 /* HymnsRepositoryImplTest.swift in Sources */,
				3B7555C82437C24F00DA17F6 /* HymnLyricsViewModelTest.swift in Sources */,
				EF9D228545974074AF495E83 /* HymnsMocks.generated.swift in Sources */,
			);
			runOnlyForDeploymentPostprocessing = 0;
		};
		3B1B902F2429CF57009FDCC5 /* Sources */ = {
			isa = PBXSourcesBuildPhase;
			buildActionMask = 2147483647;
			files = (
				3B1B90382429CF57009FDCC5 /* HymnsUITests.swift in Sources */,
			);
			runOnlyForDeploymentPostprocessing = 0;
		};
/* End PBXSourcesBuildPhase section */

/* Begin PBXTargetDependency section */
		3B1B902A2429CF57009FDCC5 /* PBXTargetDependency */ = {
			isa = PBXTargetDependency;
			target = 3B1B900E2429CF55009FDCC5 /* Hymns */;
			targetProxy = 3B1B90292429CF57009FDCC5 /* PBXContainerItemProxy */;
		};
		3B1B90352429CF57009FDCC5 /* PBXTargetDependency */ = {
			isa = PBXTargetDependency;
			target = 3B1B900E2429CF55009FDCC5 /* Hymns */;
			targetProxy = 3B1B90342429CF57009FDCC5 /* PBXContainerItemProxy */;
		};
/* End PBXTargetDependency section */

/* Begin PBXVariantGroup section */
		3B1B90202429CF57009FDCC5 /* LaunchScreen.storyboard */ = {
			isa = PBXVariantGroup;
			children = (
				3B1B90212429CF57009FDCC5 /* Base */,
			);
			name = LaunchScreen.storyboard;
			sourceTree = "<group>";
		};
		B5E61B36242E613D00EF497D /* Localizable.strings */ = {
			isa = PBXVariantGroup;
			children = (
				B5E61B35242E613D00EF497D /* en */,
				B5E61B37242E62F600EF497D /* de */,
				B5E61B38242E630000EF497D /* es */,
			);
			name = Localizable.strings;
			sourceTree = "<group>";
		};
/* End PBXVariantGroup section */

/* Begin XCBuildConfiguration section */
		3B1B903A2429CF57009FDCC5 /* Debug */ = {
			isa = XCBuildConfiguration;
			buildSettings = {
				ALWAYS_SEARCH_USER_PATHS = NO;
				CLANG_ANALYZER_LOCALIZABILITY_NONLOCALIZED = YES;
				CLANG_ANALYZER_NONNULL = YES;
				CLANG_ANALYZER_NUMBER_OBJECT_CONVERSION = YES_AGGRESSIVE;
				CLANG_CXX_LANGUAGE_STANDARD = "gnu++14";
				CLANG_CXX_LIBRARY = "libc++";
				CLANG_ENABLE_MODULES = YES;
				CLANG_ENABLE_OBJC_ARC = YES;
				CLANG_ENABLE_OBJC_WEAK = YES;
				CLANG_WARN_BLOCK_CAPTURE_AUTORELEASING = YES;
				CLANG_WARN_BOOL_CONVERSION = YES;
				CLANG_WARN_COMMA = YES;
				CLANG_WARN_CONSTANT_CONVERSION = YES;
				CLANG_WARN_DEPRECATED_OBJC_IMPLEMENTATIONS = YES;
				CLANG_WARN_DIRECT_OBJC_ISA_USAGE = YES_ERROR;
				CLANG_WARN_DOCUMENTATION_COMMENTS = YES;
				CLANG_WARN_EMPTY_BODY = YES;
				CLANG_WARN_ENUM_CONVERSION = YES;
				CLANG_WARN_INFINITE_RECURSION = YES;
				CLANG_WARN_INT_CONVERSION = YES;
				CLANG_WARN_NON_LITERAL_NULL_CONVERSION = YES;
				CLANG_WARN_OBJC_IMPLICIT_RETAIN_SELF = YES;
				CLANG_WARN_OBJC_LITERAL_CONVERSION = YES;
				CLANG_WARN_OBJC_ROOT_CLASS = YES_ERROR;
				CLANG_WARN_RANGE_LOOP_ANALYSIS = YES;
				CLANG_WARN_STRICT_PROTOTYPES = YES;
				CLANG_WARN_SUSPICIOUS_MOVE = YES;
				CLANG_WARN_UNGUARDED_AVAILABILITY = YES_AGGRESSIVE;
				CLANG_WARN_UNREACHABLE_CODE = YES;
				CLANG_WARN__DUPLICATE_METHOD_MATCH = YES;
				COPY_PHASE_STRIP = NO;
				DEBUG_INFORMATION_FORMAT = dwarf;
				ENABLE_STRICT_OBJC_MSGSEND = YES;
				ENABLE_TESTABILITY = YES;
				GCC_C_LANGUAGE_STANDARD = gnu11;
				GCC_DYNAMIC_NO_PIC = NO;
				GCC_NO_COMMON_BLOCKS = YES;
				GCC_OPTIMIZATION_LEVEL = 0;
				GCC_PREPROCESSOR_DEFINITIONS = (
					"DEBUG=1",
					"$(inherited)",
				);
				GCC_WARN_64_TO_32_BIT_CONVERSION = YES;
				GCC_WARN_ABOUT_RETURN_TYPE = YES_ERROR;
				GCC_WARN_UNDECLARED_SELECTOR = YES;
				GCC_WARN_UNINITIALIZED_AUTOS = YES_AGGRESSIVE;
				GCC_WARN_UNUSED_FUNCTION = YES;
				GCC_WARN_UNUSED_VARIABLE = YES;
				IPHONEOS_DEPLOYMENT_TARGET = 13.2;
				MTL_ENABLE_DEBUG_INFO = INCLUDE_SOURCE;
				MTL_FAST_MATH = YES;
				ONLY_ACTIVE_ARCH = YES;
				SDKROOT = iphoneos;
				SWIFT_ACTIVE_COMPILATION_CONDITIONS = DEBUG;
				SWIFT_OPTIMIZATION_LEVEL = "-Onone";
			};
			name = Debug;
		};
		3B1B903B2429CF57009FDCC5 /* Release */ = {
			isa = XCBuildConfiguration;
			buildSettings = {
				ALWAYS_SEARCH_USER_PATHS = NO;
				CLANG_ANALYZER_LOCALIZABILITY_NONLOCALIZED = YES;
				CLANG_ANALYZER_NONNULL = YES;
				CLANG_ANALYZER_NUMBER_OBJECT_CONVERSION = YES_AGGRESSIVE;
				CLANG_CXX_LANGUAGE_STANDARD = "gnu++14";
				CLANG_CXX_LIBRARY = "libc++";
				CLANG_ENABLE_MODULES = YES;
				CLANG_ENABLE_OBJC_ARC = YES;
				CLANG_ENABLE_OBJC_WEAK = YES;
				CLANG_WARN_BLOCK_CAPTURE_AUTORELEASING = YES;
				CLANG_WARN_BOOL_CONVERSION = YES;
				CLANG_WARN_COMMA = YES;
				CLANG_WARN_CONSTANT_CONVERSION = YES;
				CLANG_WARN_DEPRECATED_OBJC_IMPLEMENTATIONS = YES;
				CLANG_WARN_DIRECT_OBJC_ISA_USAGE = YES_ERROR;
				CLANG_WARN_DOCUMENTATION_COMMENTS = YES;
				CLANG_WARN_EMPTY_BODY = YES;
				CLANG_WARN_ENUM_CONVERSION = YES;
				CLANG_WARN_INFINITE_RECURSION = YES;
				CLANG_WARN_INT_CONVERSION = YES;
				CLANG_WARN_NON_LITERAL_NULL_CONVERSION = YES;
				CLANG_WARN_OBJC_IMPLICIT_RETAIN_SELF = YES;
				CLANG_WARN_OBJC_LITERAL_CONVERSION = YES;
				CLANG_WARN_OBJC_ROOT_CLASS = YES_ERROR;
				CLANG_WARN_RANGE_LOOP_ANALYSIS = YES;
				CLANG_WARN_STRICT_PROTOTYPES = YES;
				CLANG_WARN_SUSPICIOUS_MOVE = YES;
				CLANG_WARN_UNGUARDED_AVAILABILITY = YES_AGGRESSIVE;
				CLANG_WARN_UNREACHABLE_CODE = YES;
				CLANG_WARN__DUPLICATE_METHOD_MATCH = YES;
				COPY_PHASE_STRIP = NO;
				DEBUG_INFORMATION_FORMAT = "dwarf-with-dsym";
				ENABLE_NS_ASSERTIONS = NO;
				ENABLE_STRICT_OBJC_MSGSEND = YES;
				GCC_C_LANGUAGE_STANDARD = gnu11;
				GCC_NO_COMMON_BLOCKS = YES;
				GCC_WARN_64_TO_32_BIT_CONVERSION = YES;
				GCC_WARN_ABOUT_RETURN_TYPE = YES_ERROR;
				GCC_WARN_UNDECLARED_SELECTOR = YES;
				GCC_WARN_UNINITIALIZED_AUTOS = YES_AGGRESSIVE;
				GCC_WARN_UNUSED_FUNCTION = YES;
				GCC_WARN_UNUSED_VARIABLE = YES;
				IPHONEOS_DEPLOYMENT_TARGET = 13.2;
				MTL_ENABLE_DEBUG_INFO = NO;
				MTL_FAST_MATH = YES;
				SDKROOT = iphoneos;
				SWIFT_COMPILATION_MODE = wholemodule;
				SWIFT_OPTIMIZATION_LEVEL = "-O";
				VALIDATE_PRODUCT = YES;
			};
			name = Release;
		};
		3B1B903D2429CF57009FDCC5 /* Debug */ = {
			isa = XCBuildConfiguration;
			baseConfigurationReference = 75A109A0A4C2EADE7E1929AD /* Pods-Hymns.debug.xcconfig */;
			buildSettings = {
				ASSETCATALOG_COMPILER_APPICON_NAME = AppIcon;
				CODE_SIGN_STYLE = Automatic;
				DEVELOPMENT_ASSET_PATHS = "\"Hymns/Preview Content\"";
				DEVELOPMENT_TEAM = VBX3S26MR4;
				ENABLE_PREVIEWS = YES;
				INFOPLIST_FILE = Hymns/Info.plist;
				LD_RUNPATH_SEARCH_PATHS = (
					"$(inherited)",
					"@executable_path/Frameworks",
				);
				PRODUCT_BUNDLE_IDENTIFIER = com.lukelu.Hymns;
				PRODUCT_NAME = "$(TARGET_NAME)";
				SWIFT_VERSION = 5.0;
				TARGETED_DEVICE_FAMILY = "1,2";
			};
			name = Debug;
		};
		3B1B903E2429CF57009FDCC5 /* Release */ = {
			isa = XCBuildConfiguration;
			baseConfigurationReference = 95695C51EE642B34C3C8D8D8 /* Pods-Hymns.release.xcconfig */;
			buildSettings = {
				ASSETCATALOG_COMPILER_APPICON_NAME = AppIcon;
				CODE_SIGN_STYLE = Automatic;
				DEVELOPMENT_ASSET_PATHS = "\"Hymns/Preview Content\"";
				DEVELOPMENT_TEAM = VBX3S26MR4;
				ENABLE_PREVIEWS = YES;
				INFOPLIST_FILE = Hymns/Info.plist;
				LD_RUNPATH_SEARCH_PATHS = (
					"$(inherited)",
					"@executable_path/Frameworks",
				);
				PRODUCT_BUNDLE_IDENTIFIER = com.lukelu.Hymns;
				PRODUCT_NAME = "$(TARGET_NAME)";
				SWIFT_VERSION = 5.0;
				TARGETED_DEVICE_FAMILY = "1,2";
			};
			name = Release;
		};
		3B1B90402429CF57009FDCC5 /* Debug */ = {
			isa = XCBuildConfiguration;
			baseConfigurationReference = 064A786F861AD7BB96BA087A /* Pods-HymnsTests.debug.xcconfig */;
			buildSettings = {
				BUNDLE_LOADER = "$(TEST_HOST)";
				CODE_SIGN_STYLE = Automatic;
				DEVELOPMENT_TEAM = VBX3S26MR4;
				INFOPLIST_FILE = HymnsTests/Info.plist;
				IPHONEOS_DEPLOYMENT_TARGET = 13.2;
				LD_RUNPATH_SEARCH_PATHS = (
					"$(inherited)",
					"@executable_path/Frameworks",
					"@loader_path/Frameworks",
				);
				PRODUCT_BUNDLE_IDENTIFIER = com.lukelu.HymnsTests;
				PRODUCT_NAME = "$(TARGET_NAME)";
				SWIFT_VERSION = 5.0;
				TARGETED_DEVICE_FAMILY = "1,2";
				TEST_HOST = "$(BUILT_PRODUCTS_DIR)/Hymns.app/Hymns";
			};
			name = Debug;
		};
		3B1B90412429CF57009FDCC5 /* Release */ = {
			isa = XCBuildConfiguration;
			baseConfigurationReference = 0FECFFCB60EDC30390AB3325 /* Pods-HymnsTests.release.xcconfig */;
			buildSettings = {
				BUNDLE_LOADER = "$(TEST_HOST)";
				CODE_SIGN_STYLE = Automatic;
				DEVELOPMENT_TEAM = VBX3S26MR4;
				INFOPLIST_FILE = HymnsTests/Info.plist;
				IPHONEOS_DEPLOYMENT_TARGET = 13.2;
				LD_RUNPATH_SEARCH_PATHS = (
					"$(inherited)",
					"@executable_path/Frameworks",
					"@loader_path/Frameworks",
				);
				PRODUCT_BUNDLE_IDENTIFIER = com.lukelu.HymnsTests;
				PRODUCT_NAME = "$(TARGET_NAME)";
				SWIFT_VERSION = 5.0;
				TARGETED_DEVICE_FAMILY = "1,2";
				TEST_HOST = "$(BUILT_PRODUCTS_DIR)/Hymns.app/Hymns";
			};
			name = Release;
		};
		3B1B90432429CF57009FDCC5 /* Debug */ = {
			isa = XCBuildConfiguration;
			baseConfigurationReference = 9466945574ADDAA76B1261E1 /* Pods-Hymns-HymnsUITests.debug.xcconfig */;
			buildSettings = {
				CODE_SIGN_STYLE = Automatic;
				DEVELOPMENT_TEAM = VBX3S26MR4;
				INFOPLIST_FILE = HymnsUITests/Info.plist;
				LD_RUNPATH_SEARCH_PATHS = (
					"$(inherited)",
					"@executable_path/Frameworks",
					"@loader_path/Frameworks",
				);
				PRODUCT_BUNDLE_IDENTIFIER = com.lukelu.HymnsUITests;
				PRODUCT_NAME = "$(TARGET_NAME)";
				SWIFT_VERSION = 5.0;
				TARGETED_DEVICE_FAMILY = "1,2";
				TEST_TARGET_NAME = Hymns;
			};
			name = Debug;
		};
		3B1B90442429CF57009FDCC5 /* Release */ = {
			isa = XCBuildConfiguration;
			baseConfigurationReference = D0C01808E20DDA1BCF911970 /* Pods-Hymns-HymnsUITests.release.xcconfig */;
			buildSettings = {
				CODE_SIGN_STYLE = Automatic;
				DEVELOPMENT_TEAM = VBX3S26MR4;
				INFOPLIST_FILE = HymnsUITests/Info.plist;
				LD_RUNPATH_SEARCH_PATHS = (
					"$(inherited)",
					"@executable_path/Frameworks",
					"@loader_path/Frameworks",
				);
				PRODUCT_BUNDLE_IDENTIFIER = com.lukelu.HymnsUITests;
				PRODUCT_NAME = "$(TARGET_NAME)";
				SWIFT_VERSION = 5.0;
				TARGETED_DEVICE_FAMILY = "1,2";
				TEST_TARGET_NAME = Hymns;
			};
			name = Release;
		};
/* End XCBuildConfiguration section */

/* Begin XCConfigurationList section */
		3B1B900A2429CF55009FDCC5 /* Build configuration list for PBXProject "Hymns" */ = {
			isa = XCConfigurationList;
			buildConfigurations = (
				3B1B903A2429CF57009FDCC5 /* Debug */,
				3B1B903B2429CF57009FDCC5 /* Release */,
			);
			defaultConfigurationIsVisible = 0;
			defaultConfigurationName = Release;
		};
		3B1B903C2429CF57009FDCC5 /* Build configuration list for PBXNativeTarget "Hymns" */ = {
			isa = XCConfigurationList;
			buildConfigurations = (
				3B1B903D2429CF57009FDCC5 /* Debug */,
				3B1B903E2429CF57009FDCC5 /* Release */,
			);
			defaultConfigurationIsVisible = 0;
			defaultConfigurationName = Release;
		};
		3B1B903F2429CF57009FDCC5 /* Build configuration list for PBXNativeTarget "HymnsTests" */ = {
			isa = XCConfigurationList;
			buildConfigurations = (
				3B1B90402429CF57009FDCC5 /* Debug */,
				3B1B90412429CF57009FDCC5 /* Release */,
			);
			defaultConfigurationIsVisible = 0;
			defaultConfigurationName = Release;
		};
		3B1B90422429CF57009FDCC5 /* Build configuration list for PBXNativeTarget "HymnsUITests" */ = {
			isa = XCConfigurationList;
			buildConfigurations = (
				3B1B90432429CF57009FDCC5 /* Debug */,
				3B1B90442429CF57009FDCC5 /* Release */,
			);
			defaultConfigurationIsVisible = 0;
			defaultConfigurationName = Release;
		};
/* End XCConfigurationList section */

/* Begin XCVersionGroup section */
		3B1B90162429CF55009FDCC5 /* Hymns.xcdatamodeld */ = {
			isa = XCVersionGroup;
			children = (
				3B1B90172429CF55009FDCC5 /* Hymns.xcdatamodel */,
			);
			currentVersion = 3B1B90172429CF55009FDCC5 /* Hymns.xcdatamodel */;
			path = Hymns.xcdatamodeld;
			sourceTree = "<group>";
			versionGroupType = wrapper.xcdatamodel;
		};
/* End XCVersionGroup section */
	};
	rootObject = 3B1B90072429CF55009FDCC5 /* Project object */;
}
