{"projectHash":"d91a95e654f365bc546d76535c064f6ec5b2beb0","productModuleName":"Hymns","sourceFilePaths":[{"path":"\/Users\/lukelu\/xCode\/Hymns\/Hymns\/AppDelegate.swift","hash":"09ccc419a046fc3a3bcc0d801ec978629a8b2a19"},{"path":"\/Users\/lukelu\/xCode\/Hymns\/Hymns\/BrowseView.swift","hash":"3e1edab7eab99f12c0aa7090bbf542e9e133f223"},{"path":"\/Users\/lukelu\/xCode\/Hymns\/Hymns\/Common\/CustomTitleView.swift","hash":"de648ae8a44e89d5114458e59e14d90eb6785120"},{"path":"\/Users\/lukelu\/xCode\/Hymns\/Hymns\/Common\/FontViewModifier.swift","hash":"fcb285b364d31cfa47a88ab74f50afd7e0c2f80b"},{"path":"\/Users\/lukelu\/xCode\/Hymns\/Hymns\/Common\/SearchBar.swift","hash":"ada5037fad59f300957cb8e5f794beb04a0a5191"},{"path":"\/Users\/lukelu\/xCode\/Hymns\/Hymns\/Common\/SongResultView.swift","hash":"043c3d7c4c72ff75cc63d474c809886556c68501"},{"path":"\/Users\/lukelu\/xCode\/Hymns\/Hymns\/Common\/SongResultViewModel.swift","hash":"c2275b63688879072e264c5917a3d864712bf3ed"},{"path":"\/Users\/lukelu\/xCode\/Hymns\/Hymns\/Display\/DisplayHymnView.swift","hash":"96f4c301d95001711d29a3cbfff60175383efff7"},{"path":"\/Users\/lukelu\/xCode\/Hymns\/Hymns\/Display\/DisplayHymnViewModel.swift","hash":"f4e985f551c3aae679bc673f277213aa059a7c8f"},{"path":"\/Users\/lukelu\/xCode\/Hymns\/Hymns\/Display\/HymnLyricsView.swift","hash":"0e014a8880fa24cafbf5851f6072daeae640e4d8"},{"path":"\/Users\/lukelu\/xCode\/Hymns\/Hymns\/Display\/HymnLyricsViewModel.swift","hash":"27ca99d1ec42630beb3fffeacc1afc3eeac73a7b"},{"path":"\/Users\/lukelu\/xCode\/Hymns\/Hymns\/Display\/VerseView.swift","hash":"ab08b5ab4a2e38f884821722a27dee86d6d1fcce"},{"path":"\/Users\/lukelu\/xCode\/Hymns\/Hymns\/DummyTestData.swift","hash":"9c93bc58d20fdbb314e99da442818681c3d5f9a3"},{"path":"\/Users\/lukelu\/xCode\/Hymns\/Hymns\/FavoritesView.swift","hash":"d43fffcaea5aba9e89dd46dcf415f37cabcfd6d9"},{"path":"\/Users\/lukelu\/xCode\/Hymns\/Hymns\/Home\/HomeContainerView.swift","hash":"af802dac0eb118160c07303ebbf451eab99649b7"},{"path":"\/Users\/lukelu\/xCode\/Hymns\/Hymns\/Home\/HomeTab.swift","hash":"84c09672a94681e4210015d74899145dadfddd9e"},{"path":"\/Users\/lukelu\/xCode\/Hymns\/Hymns\/Home\/HomeView.swift","hash":"56b3c933e5427fc0ebe38ff25744f400dde76704"},{"path":"\/Users\/lukelu\/xCode\/Hymns\/Hymns\/Home\/HomeViewModel.swift","hash":"acf8237adeb92e2dc150cfa29c8b6b070ba5961f"},{"path":"\/Users\/lukelu\/xCode\/Hymns\/Hymns\/Infrastructure\/Data\/ErrorType.swift","hash":"6938ec961fc6fcce394875a52b88030602dc30c1"},{"path":"\/Users\/lukelu\/xCode\/Hymns\/Hymns\/Infrastructure\/Data\/HymnalApiService.swift","hash":"7d4271889e4d572698ad0dfb955c63876d1cb428"},{"path":"\/Users\/lukelu\/xCode\/Hymns\/Hymns\/Infrastructure\/Data\/Models\/Datum.swift","hash":"ea37829d04c14b969c829ea5a741736236ac3925"},{"path":"\/Users\/lukelu\/xCode\/Hymns\/Hymns\/Infrastructure\/Data\/Models\/Hymn.swift","hash":"abbdcfad93ecf7ea38fe8db4cc9844e56b260942"},{"path":"\/Users\/lukelu\/xCode\/Hymns\/Hymns\/Infrastructure\/Data\/Models\/HymnIdentifier.swift","hash":"94e62b67f4c9ab3c2481101afc0b7478c0199232"},{"path":"\/Users\/lukelu\/xCode\/Hymns\/Hymns\/Infrastructure\/Data\/Models\/HymnType.swift","hash":"28f954c4f0e185bde89e80e46b383504fead7959"},{"path":"\/Users\/lukelu\/xCode\/Hymns\/Hymns\/Infrastructure\/Data\/Models\/MetaDatum.swift","hash":"03dd0fe04f658553861bc8098859c45250031c8b"},{"path":"\/Users\/lukelu\/xCode\/Hymns\/Hymns\/Infrastructure\/Data\/Models\/SongResultsPage.swift","hash":"9b36e3cf95e909a5cb679edbe8e18dfb2b8706a8"},{"path":"\/Users\/lukelu\/xCode\/Hymns\/Hymns\/Infrastructure\/Data\/Models\/Verse.swift","hash":"62ea3f4528ba2950fe4e1881e9e58f2084a845f6"},{"path":"\/Users\/lukelu\/xCode\/Hymns\/Hymns\/Infrastructure\/Data\/Models\/VerseType.swift","hash":"c84495f9c8f91f732ebf3959c11d2fe4bdf97852"},{"path":"\/Users\/lukelu\/xCode\/Hymns\/Hymns\/Infrastructure\/Dependency Injection\/AppDelegate+Injection.swift","hash":"89289be429c68f71af07292b88d693dbca9442e0"},{"path":"\/Users\/lukelu\/xCode\/Hymns\/Hymns\/Infrastructure\/View+Extensions.swift","hash":"b00d3652c72c747b89d1b4a7fbaf26481392024e"},{"path":"\/Users\/lukelu\/xCode\/Hymns\/Hymns\/Preview Content\/PreviewHymnIdentifiers.swift","hash":"a6bbe4f95ca9c602a84d00e56a1348fdcc525ef1"},{"path":"\/Users\/lukelu\/xCode\/Hymns\/Hymns\/Preview Content\/PreviewHymns.swift","hash":"b31594b0b7c0d4334b4fe5b1d8b5e75ab305260c"},{"path":"\/Users\/lukelu\/xCode\/Hymns\/Hymns\/Preview Content\/PreviewSongResults.swift","hash":"c5f0f69542f9fa3b75c003742436aea5bba2eb6e"},{"path":"\/Users\/lukelu\/xCode\/Hymns\/Hymns\/Repository\/HymnsRepository.swift","hash":"759590986cbdde51ef0d079709c2cb14e7687aac"},{"path":"\/Users\/lukelu\/xCode\/Hymns\/Hymns\/Repository\/Repository+Injection.swift","hash":"c6f98ad120727dd272dfaf080702baa133a996ab"},{"path":"\/Users\/lukelu\/xCode\/Hymns\/Hymns\/Repository\/SongResultsRepository.swift","hash":"aeff33679a71be2ede1cf3574ed9dbbe5998246e"},{"path":"\/Users\/lukelu\/xCode\/Hymns\/Hymns\/SceneDelegate.swift","hash":"ad3923d43a6c09ae6ce179451262f27bbc24ad4c"},{"path":"\/Users\/lukelu\/xCode\/Hymns\/Hymns\/Search\/SearchView.swift","hash":"5e742e73306cb69f7e44f191f6168c2f9f85bcce"},{"path":"\/Users\/lukelu\/xCode\/Hymns\/Hymns\/Search\/SearchViewModel.swift","hash":"10819e89a3a5910b375df9ab94087e9595440e9e"},{"path":"\/Users\/lukelu\/xCode\/Hymns\/Hymns\/SettingsView.swift","hash":"10b621ca7970bc0ec2ae8d6cd1fedd1b917b8d6b"},{"path":"\/Users\/lukelu\/xCode\/Hymns\/Hymns\/Utility\/RegexUtil.swift","hash":"1c4419e42ed3a8a987898708f3aa4196c920f10f"}],"outputHash":"a36b1b687ab8be2ee6f776437c4c6e94ced7e626","supportingFilePaths":[],"sourceRoot":"\/Users\/lukelu\/xCode\/Hymns","targetPathsHash":"af392f864c58122a518b00815f25ccaf4348d2b2","dependencyPathsHash":"da39a3ee5e6b4b0d3255bfef95601890afd80709","dependencies":[],"name":"Hymns","cliVersion":"0.10.0"}