{"projectHash":"e146a4bd206db52d9b0dac6f06da58b632c3f698","productModuleName":"Hymns","sourceFilePaths":[{"path":"\/Users\/lukelu\/xCode\/Hymns\/Hymns\/AppDelegate.swift","hash":"60d22eaffe2bcc01ac9d1beb44c1799cc46b7a1f"},{"path":"\/Users\/lukelu\/xCode\/Hymns\/Hymns\/BrowseView.swift","hash":"fda0163bf56ff13fab445d45383457fd7654a220"},{"path":"\/Users\/lukelu\/xCode\/Hymns\/Hymns\/Common\/SongResultView.swift","hash":"a5aed54926e15e48c42d41eca2a50b08f399ce96"},{"path":"\/Users\/lukelu\/xCode\/Hymns\/Hymns\/Common\/SongResultViewModel.swift","hash":"b24c8f84baece0a3f9051537344a5797c1ea98c2"},{"path":"\/Users\/lukelu\/xCode\/Hymns\/Hymns\/DetailHymnScreen.swift","hash":"bec86b3e5e9343f866dfc2565fb6efd4952ae200"},{"path":"\/Users\/lukelu\/xCode\/Hymns\/Hymns\/Display\/HymnLyricsView.swift","hash":"44da0ba63b6df3f87e783b332ba710081c7401ab"},{"path":"\/Users\/lukelu\/xCode\/Hymns\/Hymns\/Display\/HymnLyricsViewModel.swift","hash":"8c440b50a57b33e2b275e870ae5e40b355f53d58"},{"path":"\/Users\/lukelu\/xCode\/Hymns\/Hymns\/DummyTestData.swift","hash":"176a840abd70c7cb683e1208ae754a7f3a6b8c31"},{"path":"\/Users\/lukelu\/xCode\/Hymns\/Hymns\/FavoritesView.swift","hash":"017b2a592f3731700145518f9eb831f0b5d78219"},{"path":"\/Users\/lukelu\/xCode\/Hymns\/Hymns\/Home\/HomeContainerView.swift","hash":"b81b92f4289acad47b30c56b88df338c8e19b0d1"},{"path":"\/Users\/lukelu\/xCode\/Hymns\/Hymns\/Home\/HomeTab.swift","hash":"bdf5366c4fa4fb0e04925955e9671c4f0aa32cb8"},{"path":"\/Users\/lukelu\/xCode\/Hymns\/Hymns\/Home\/HomeView.swift","hash":"4e59459ce6f9154a0516ce5db0e10807651542cb"},{"path":"\/Users\/lukelu\/xCode\/Hymns\/Hymns\/Home\/HomeViewModel.swift","hash":"11640d74b5348aed6a417331f23dbbb8abcb6079"},{"path":"\/Users\/lukelu\/xCode\/Hymns\/Hymns\/Infrastructure\/Data\/ErrorType.swift","hash":"8aeb8ed880e77a662888a943316b1cb81bf102e5"},{"path":"\/Users\/lukelu\/xCode\/Hymns\/Hymns\/Infrastructure\/Data\/HymnalApiService.swift","hash":"9d8502ba537bb49fc74356c074c01724cd3e31b6"},{"path":"\/Users\/lukelu\/xCode\/Hymns\/Hymns\/Infrastructure\/Data\/Models\/Datum.swift","hash":"ea37829d04c14b969c829ea5a741736236ac3925"},{"path":"\/Users\/lukelu\/xCode\/Hymns\/Hymns\/Infrastructure\/Data\/Models\/Hymn.swift","hash":"abbdcfad93ecf7ea38fe8db4cc9844e56b260942"},{"path":"\/Users\/lukelu\/xCode\/Hymns\/Hymns\/Infrastructure\/Data\/Models\/HymnIdentifier.swift","hash":"ada1515a7944e736382c84976a0b30b33e49900d"},{"path":"\/Users\/lukelu\/xCode\/Hymns\/Hymns\/Infrastructure\/Data\/Models\/HymnType.swift","hash":"8ce05b3e991ebe3ef8412fb7281be2324fd2479c"},{"path":"\/Users\/lukelu\/xCode\/Hymns\/Hymns\/Infrastructure\/Data\/Models\/MetaDatum.swift","hash":"03dd0fe04f658553861bc8098859c45250031c8b"},{"path":"\/Users\/lukelu\/xCode\/Hymns\/Hymns\/Infrastructure\/Data\/Models\/Verse.swift","hash":"62ea3f4528ba2950fe4e1881e9e58f2084a845f6"},{"path":"\/Users\/lukelu\/xCode\/Hymns\/Hymns\/Infrastructure\/Data\/Models\/VerseType.swift","hash":"9367075c9052e0529e312f00ab71d4417883e05f"},{"path":"\/Users\/lukelu\/xCode\/Hymns\/Hymns\/Infrastructure\/Dependency Injection\/AppDelegate+Injection.swift","hash":"dfb4f5f30ace2861c51c17ded8e7e900308654eb"},{"path":"\/Users\/lukelu\/xCode\/Hymns\/Hymns\/Preview Content\/PreviewHymnIdentifiers.swift","hash":"a6bbe4f95ca9c602a84d00e56a1348fdcc525ef1"},{"path":"\/Users\/lukelu\/xCode\/Hymns\/Hymns\/Preview Content\/PreviewHymns.swift","hash":"b31594b0b7c0d4334b4fe5b1d8b5e75ab305260c"},{"path":"\/Users\/lukelu\/xCode\/Hymns\/Hymns\/Preview Content\/PreviewSongResults.swift","hash":"3d088226ce8f22b36df44687816a576e3e73b809"},{"path":"\/Users\/lukelu\/xCode\/Hymns\/Hymns\/Repository\/HymnsRepository.swift","hash":"7e7f56086663e2d5688cb7732c9876560261e19b"},{"path":"\/Users\/lukelu\/xCode\/Hymns\/Hymns\/Repository\/Repository+Injection.swift","hash":"11b643fc112729867116a83d3fc7aa2756f39f84"},{"path":"\/Users\/lukelu\/xCode\/Hymns\/Hymns\/SceneDelegate.swift","hash":"4d591b98bf11103c42c4b0c4ae1d64ac54505395"},{"path":"\/Users\/lukelu\/xCode\/Hymns\/Hymns\/SearchBarModel.swift","hash":"c335c7f62ce683ba7d4232916fe4d845d7796e77"},{"path":"\/Users\/lukelu\/xCode\/Hymns\/Hymns\/SearchBarSearchView.swift","hash":"92b2f56d5789f2fe6e0c73173d2d8bb3154b25b5"},{"path":"\/Users\/lukelu\/xCode\/Hymns\/Hymns\/SettingsView.swift","hash":"8ae4937c1fe677d5d26f1563fcf1ee99550273e5"}],"outputHash":"d344606ddad4f8857128a42862e7d29009a4f228","supportingFilePaths":[],"sourceRoot":"\/Users\/lukelu\/xCode\/Hymns","targetPathsHash":"40e053f2d4014d821e8d8872a5750f228936090a","dependencyPathsHash":"da39a3ee5e6b4b0d3255bfef95601890afd80709","dependencies":[],"name":"Hymns","cliVersion":"0.10.0"}