{"projectHash":"3a6dfd7c9a1a6c5499186b938de55eb3b09bd87a","productModuleName":"Hymns","sourceFilePaths":[{"path":"\/Users\/lukelu\/xCode\/Hymns\/Hymns\/AppDelegate.swift","hash":"60d22eaffe2bcc01ac9d1beb44c1799cc46b7a1f"},{"path":"\/Users\/lukelu\/xCode\/Hymns\/Hymns\/BrowseView.swift","hash":"fda0163bf56ff13fab445d45383457fd7654a220"},{"path":"\/Users\/lukelu\/xCode\/Hymns\/Hymns\/DetailHymnScreen.swift","hash":"bec86b3e5e9343f866dfc2565fb6efd4952ae200"},{"path":"\/Users\/lukelu\/xCode\/Hymns\/Hymns\/Display\/HymnLyricsView.swift","hash":"3ae1c822f0d445bde74bf15aabf489b348d7a836"},{"path":"\/Users\/lukelu\/xCode\/Hymns\/Hymns\/Display\/HymnLyricsViewModel.swift","hash":"76cfb026ced92f613e395cbee922ea7cd08163f7"},{"path":"\/Users\/lukelu\/xCode\/Hymns\/Hymns\/DummyTestData.swift","hash":"176a840abd70c7cb683e1208ae754a7f3a6b8c31"},{"path":"\/Users\/lukelu\/xCode\/Hymns\/Hymns\/FavoritesView.swift","hash":"017b2a592f3731700145518f9eb831f0b5d78219"},{"path":"\/Users\/lukelu\/xCode\/Hymns\/Hymns\/HomeScreenView.swift","hash":"1fd74f1f0df77960ec5494806db8c158b178b23d"},{"path":"\/Users\/lukelu\/xCode\/Hymns\/Hymns\/HomeSearchView.swift","hash":"02abb89d8c05c58abd3880eb5ff2e97ccd1edbb0"},{"path":"\/Users\/lukelu\/xCode\/Hymns\/Hymns\/HomeView.swift","hash":"d51f1e13b830a168f184b40484adf68e868f804a"},{"path":"\/Users\/lukelu\/xCode\/Hymns\/Hymns\/Infrastructure\/Data\/HymnalApiService.swift","hash":"411ed2a67e7aade50995aa2364f72c9b4df7f1fb"},{"path":"\/Users\/lukelu\/xCode\/Hymns\/Hymns\/Infrastructure\/Data\/Models\/Datum.swift","hash":"ea37829d04c14b969c829ea5a741736236ac3925"},{"path":"\/Users\/lukelu\/xCode\/Hymns\/Hymns\/Infrastructure\/Data\/Models\/Hymn.swift","hash":"abbdcfad93ecf7ea38fe8db4cc9844e56b260942"},{"path":"\/Users\/lukelu\/xCode\/Hymns\/Hymns\/Infrastructure\/Data\/Models\/HymnIdentifier.swift","hash":"ada1515a7944e736382c84976a0b30b33e49900d"},{"path":"\/Users\/lukelu\/xCode\/Hymns\/Hymns\/Infrastructure\/Data\/Models\/HymnType.swift","hash":"8ce05b3e991ebe3ef8412fb7281be2324fd2479c"},{"path":"\/Users\/lukelu\/xCode\/Hymns\/Hymns\/Infrastructure\/Data\/Models\/MetaDatum.swift","hash":"03dd0fe04f658553861bc8098859c45250031c8b"},{"path":"\/Users\/lukelu\/xCode\/Hymns\/Hymns\/Infrastructure\/Data\/Models\/Verse.swift","hash":"f9bf8bfa772db59c5ed90539f6c9a7b7ab04247a"},{"path":"\/Users\/lukelu\/xCode\/Hymns\/Hymns\/Infrastructure\/Data\/Models\/VerseType.swift","hash":"9367075c9052e0529e312f00ab71d4417883e05f"},{"path":"\/Users\/lukelu\/xCode\/Hymns\/Hymns\/Infrastructure\/Dependency Injection\/AppDelegate+Injection.swift","hash":"d732a6821de2c225ad45e07d06ca3efdbd65e8d8"},{"path":"\/Users\/lukelu\/xCode\/Hymns\/Hymns\/Repository\/HymnsRepository.swift","hash":"9dada86a41186310e4dbe716d1696f8986a6700b"},{"path":"\/Users\/lukelu\/xCode\/Hymns\/Hymns\/Repository\/Repository+Injection.swift","hash":"11b643fc112729867116a83d3fc7aa2756f39f84"},{"path":"\/Users\/lukelu\/xCode\/Hymns\/Hymns\/SceneDelegate.swift","hash":"7e408b1275c9bf53ef244d2f15c74f8b757ebb90"},{"path":"\/Users\/lukelu\/xCode\/Hymns\/Hymns\/SearchBarModel.swift","hash":"c335c7f62ce683ba7d4232916fe4d845d7796e77"},{"path":"\/Users\/lukelu\/xCode\/Hymns\/Hymns\/SearchBarSearchView.swift","hash":"c12bfef49e9c9967f0e35191558e88fe16df54f4"},{"path":"\/Users\/lukelu\/xCode\/Hymns\/Hymns\/SettingsView.swift","hash":"8ae4937c1fe677d5d26f1563fcf1ee99550273e5"}],"outputHash":"e481a5e38be710bf878f28b3918e393fa86f5e1f","supportingFilePaths":[],"sourceRoot":"\/Users\/lukelu\/xCode\/Hymns","targetPathsHash":"a0a7a7c4e509bdc8394ec1eabee6f251ef9d1362","dependencyPathsHash":"da39a3ee5e6b4b0d3255bfef95601890afd80709","dependencies":[],"name":"Hymns","cliVersion":"0.10.0"}