{"productModuleName":"HymnsTests","configHash":"8ead8d094bdbf305cf505307b34c9947d58cfc4b","mockedTypeNames":["\/Users\/lukelu\/xCode\/Hymns-iOS\/HymnsTests\/Repository\/SongRepositoryImplTest.swift",["HymnalApiService","Converter","HymnDataStore","SystemUtil"],"\/Users\/lukelu\/xCode\/Hymns-iOS\/HymnsTests\/Browse\/BrowseCategoriesViewModelSpec.swift",["CategoriesRepository"],"\/Users\/lukelu\/xCode\/Hymns-iOS\/HymnsTests\/Repository\/HymnsRepositoryImpl_dbInitialized_dbHitTests.swift",["Converter","SystemUtil","HymnDataStore","HymnalApiService"],"\/Users\/lukelu\/xCode\/Hymns-iOS\/HymnsTests\/Favorites\/FavoritesViewModelSpec.swift",["FavoriteStore"],"\/Users\/lukelu\/xCode\/Hymns-iOS\/HymnsTests\/Settings\/SettingsViewModelSpec.swift",[],"\/Users\/lukelu\/xCode\/Hymns-iOS\/HymnsTests\/Tags\/TagSheetViewModelSpec.swift",["HymnsRepository","TagStore"],"\/Users\/lukelu\/xCode\/Hymns-iOS\/HymnsTests\/Display\/HymnLyricsViewModelSpec.swift",["HymnsRepository"],"\/Users\/lukelu\/xCode\/Hymns-iOS\/HymnsTests\/Tags\/TagsStoreRealmImplSpec.swift",[],"\/Users\/lukelu\/xCode\/Hymns-iOS\/HymnsTests\/Repository\/Infrastructure\/Data\/HymnDataStoreGrdbImplSpec.swift",[],"\/Users\/lukelu\/xCode\/Hymns-iOS\/HymnsTests\/Test Utilities\/URLProtocolMock.swift",[],"\/Users\/lukelu\/xCode\/Hymns-iOS\/HymnsTests\/Utility\/RegexUtilSpec.swift",[],"\/Users\/lukelu\/xCode\/Hymns-iOS\/HymnsTests\/Repository\/Infrastructure\/Data\/HymnalNetServiceSpec.swift",[],"\/Users\/lukelu\/xCode\/Hymns-iOS\/HymnsTests\/Display\/HymnLyricsViewModelTest.swift",["HymnsRepository"],"\/Users\/lukelu\/xCode\/Hymns-iOS\/HymnsTests\/Test Utilities\/XCTestCaseExtension.swift",[],"\/Users\/lukelu\/xCode\/Hymns-iOS\/HymnsTests\/Repository\/BrowseRepositoryTest.swift",["TagEntity","FavoriteEntity","RecentSong","RecentSongEntity","HymnDataStore","Tag"],"\/Users\/lukelu\/xCode\/Hymns-iOS\/HymnsTests\/Repository\/Infrastructure\/StringExtensionsSpec.swift",[],"\/Users\/lukelu\/xCode\/Hymns-iOS\/HymnsTests\/Common\/SongResultViewModelSpec.swift",[],"\/Users\/lukelu\/xCode\/Hymns-iOS\/HymnsTests\/Display\/DisplayHymnBottomBarViewModelSpec.swift",["HymnsRepository"],"\/Users\/lukelu\/xCode\/Hymns-iOS\/HymnsTests\/Repository\/Infrastructure\/Data\/HymnIdentifierSpec.swift",[],"\/Users\/lukelu\/xCode\/Hymns-iOS\/HymnsTests\/Repository\/Infrastructure\/Data\/HymnalNetSpec.swift",[],"\/Users\/lukelu\/xCode\/Hymns-iOS\/HymnsTests\/Display\/DisplayHymnViewModelSpec.swift",["FavoriteStore","HymnsRepository","PDFLoader","HistoryStore"],"\/Users\/lukelu\/xCode\/Hymns-iOS\/HymnsTests\/Audio Player\/AudioPlayerViewModelSpec.swift",["HymnalNetService"],"\/Users\/lukelu\/xCode\/Hymns-iOS\/HymnsTests\/Home\/HomeViewModelSpec.swift",["SongResultsRepository","HistoryStore"],"\/Users\/lukelu\/xCode\/Hymns-iOS\/HymnsTests\/Display\/Song Info\/SongInfoDialogViewModelSpec.swift",["HymnsRepository"],"\/Users\/lukelu\/xCode\/Hymns-iOS\/HymnsTests\/Repository\/Infrastructure\/Data\/ConverterSpec.swift",[],"\/Users\/lukelu\/xCode\/Hymns-iOS\/HymnsTests\/Repository\/HymnsRepositoryImpl_dbInitialized_dbMissTests.swift",["HymnalApiService","SystemUtil","HymnDataStore","Converter"],"\/Users\/lukelu\/xCode\/Hymns-iOS\/HymnsTests\/Favorites\/FavoriteStoreRealmImplSpec.swift",[],"\/Users\/lukelu\/xCode\/Hymns-iOS\/HymnsTests\/Tags\/TagListViewModelSpec.swift",["TagStore"],"\/Users\/lukelu\/xCode\/Hymns-iOS\/HymnsTests\/Test Utilities\/TestHymns.swift",[],"\/Users\/lukelu\/xCode\/Hymns-iOS\/HymnsTests\/Repository\/Infrastructure\/Data\/HymnalApiService_GetHymnSpec.swift",[],"\/Users\/lukelu\/xCode\/Hymns-iOS\/HymnsTests\/Repository\/HymnsRepositoryImpl_dbUninitializedTests.swift",["Converter","HymnDataStore","SystemUtil","HymnalApiService"],"\/Users\/lukelu\/xCode\/Hymns-iOS\/HymnsTests\/Repository\/Infrastructure\/Data\/HymnDataStoreGrdbImpl_BrowseSpec.swift",[],"\/Users\/lukelu\/xCode\/Hymns-iOS\/HymnsTests\/Test Utilities\/TestConstants.swift",[],"\/Users\/lukelu\/xCode\/Hymns-iOS\/HymnsTests\/Repository\/Infrastructure\/Data\/HymnalApiService_SearchTest.swift",[],"\/Users\/lukelu\/xCode\/Hymns-iOS\/HymnsTests\/History\/HistoryStoreRealmImplSpec.swift",[],"\/Users\/lukelu\/xCode\/Hymns-iOS\/HymnsTests\/Browse\/BrowseResultsListViewModelSpec.swift",["HymnDataStore","TagStore"],"\/Users\/lukelu\/xCode\/Hymns-iOS\/HymnsTests\/Browse\/BrowseScripturesViewModelSpec.swift",["BrowseRepository"],"\/Users\/lukelu\/xCode\/Hymns-iOS\/HymnsTests\/Home\/HomeViewModelTest.swift",["SongResultsRepository","HistoryStore"],"\/Users\/lukelu\/xCode\/Hymns-iOS\/HymnsTests\/Home\/HomeViewModelSearchSpec.swift",["SongResultsRepository","HistoryStore"]],"cliVersion":"0.14.0","sourceFilePaths":[{"path":"\/Users\/lukelu\/xCode\/Hymns-iOS\/HymnsTests\/Audio Player\/AudioPlayerViewModelSpec.swift","hash":"bc9ed613c19d4a5c1731d27e932722cdc7e3bec8"},{"path":"\/Users\/lukelu\/xCode\/Hymns-iOS\/HymnsTests\/Browse\/BrowseCategoriesViewModelSpec.swift","hash":"23167afa5ecec305945a8306ce8de190112a3464"},{"path":"\/Users\/lukelu\/xCode\/Hymns-iOS\/HymnsTests\/Browse\/BrowseResultsListViewModelSpec.swift","hash":"2c21f6fb0fde02ed60e9fb2a1405849e27812403"},{"path":"\/Users\/lukelu\/xCode\/Hymns-iOS\/HymnsTests\/Browse\/BrowseScripturesViewModelSpec.swift","hash":"bd3e254e7e9a444d6770bd6787f5a032b6c95470"},{"path":"\/Users\/lukelu\/xCode\/Hymns-iOS\/HymnsTests\/Common\/SongResultViewModelSpec.swift","hash":"809d967edeb597ddecaa705faee7306cfebb9d26"},{"path":"\/Users\/lukelu\/xCode\/Hymns-iOS\/HymnsTests\/Display\/DisplayHymnBottomBarViewModelSpec.swift","hash":"92b1dcb8b34c107a7d30d3996aa6e8eb8c652198"},{"path":"\/Users\/lukelu\/xCode\/Hymns-iOS\/HymnsTests\/Display\/DisplayHymnViewModelSpec.swift","hash":"46dba6e86de976ffa1019c12b6771d1c3dbd0b38"},{"path":"\/Users\/lukelu\/xCode\/Hymns-iOS\/HymnsTests\/Display\/HymnLyricsViewModelSpec.swift","hash":"3d99d1b97ba7d06455d5b5a3a97a0b0807e987b2"},{"path":"\/Users\/lukelu\/xCode\/Hymns-iOS\/HymnsTests\/Display\/HymnLyricsViewModelTest.swift","hash":"25feeafd63c4c9b83f30181592772ee73bc7c373"},{"path":"\/Users\/lukelu\/xCode\/Hymns-iOS\/HymnsTests\/Display\/Song Info\/SongInfoDialogViewModelSpec.swift","hash":"1089a61f24f13c591ac5ea5ede79f20f7250a856"},{"path":"\/Users\/lukelu\/xCode\/Hymns-iOS\/HymnsTests\/Favorites\/FavoriteStoreRealmImplSpec.swift","hash":"fad778e8402d46e4f3f9d12b1f39559a642fc03b"},{"path":"\/Users\/lukelu\/xCode\/Hymns-iOS\/HymnsTests\/Favorites\/FavoritesViewModelSpec.swift","hash":"20e2b4e6f98bd438be7e612148b8e38e8123c3ac"},{"path":"\/Users\/lukelu\/xCode\/Hymns-iOS\/HymnsTests\/History\/HistoryStoreRealmImplSpec.swift","hash":"c7c472d6732dc88a0fc113b020f1a1433203e36b"},{"path":"\/Users\/lukelu\/xCode\/Hymns-iOS\/HymnsTests\/Home\/HomeViewModelSearchSpec.swift","hash":"555aa1ae2e87bee853d2a639da748d6b1fc38dc1"},{"path":"\/Users\/lukelu\/xCode\/Hymns-iOS\/HymnsTests\/Home\/HomeViewModelSpec.swift","hash":"f59689f255546a1ac776832e46cd7bb1ea0e5113"},{"path":"\/Users\/lukelu\/xCode\/Hymns-iOS\/HymnsTests\/Home\/HomeViewModelTest.swift","hash":"ac22812e4d70370269ba52d8c13a93af660a7549"},{"path":"\/Users\/lukelu\/xCode\/Hymns-iOS\/HymnsTests\/Repository\/BrowseRepositoryTest.swift","hash":"594044eb1150129290e44725ebde03c7cb57ebb5"},{"path":"\/Users\/lukelu\/xCode\/Hymns-iOS\/HymnsTests\/Repository\/HymnsRepositoryImpl_dbInitialized_dbHitTests.swift","hash":"b6de8593db03902bb88b0beb1829e63cfa544eb6"},{"path":"\/Users\/lukelu\/xCode\/Hymns-iOS\/HymnsTests\/Repository\/HymnsRepositoryImpl_dbInitialized_dbMissTests.swift","hash":"e3ddeb2fa9a7dc546dc81f62bd3ef6ea6ff66b94"},{"path":"\/Users\/lukelu\/xCode\/Hymns-iOS\/HymnsTests\/Repository\/HymnsRepositoryImpl_dbUninitializedTests.swift","hash":"b614cdf8fa84c4c69dca503f083382dbc39e03bc"},{"path":"\/Users\/lukelu\/xCode\/Hymns-iOS\/HymnsTests\/Repository\/Infrastructure\/Data\/ConverterSpec.swift","hash":"68326ba670d8f43a57217d8a5cd630f66cf5a097"},{"path":"\/Users\/lukelu\/xCode\/Hymns-iOS\/HymnsTests\/Repository\/Infrastructure\/Data\/HymnDataStoreGrdbImplSpec.swift","hash":"3c38eb897797b5efdd1b53e1cae52eb4498120d1"},{"path":"\/Users\/lukelu\/xCode\/Hymns-iOS\/HymnsTests\/Repository\/Infrastructure\/Data\/HymnDataStoreGrdbImpl_BrowseSpec.swift","hash":"6f5228d851c6da1e3b98277f2bd08517e4e962a4"},{"path":"\/Users\/lukelu\/xCode\/Hymns-iOS\/HymnsTests\/Repository\/Infrastructure\/Data\/HymnIdentifierSpec.swift","hash":"b0e988d8f2fbc2438fe2b364a1d0aa7f68111f1e"},{"path":"\/Users\/lukelu\/xCode\/Hymns-iOS\/HymnsTests\/Repository\/Infrastructure\/Data\/HymnalApiService_GetHymnSpec.swift","hash":"336e5270a22df43dc3919a07f9515ff6ffb88cf0"},{"path":"\/Users\/lukelu\/xCode\/Hymns-iOS\/HymnsTests\/Repository\/Infrastructure\/Data\/HymnalApiService_SearchTest.swift","hash":"5caba0a229141f43cef86bd8add60743dc72fc56"},{"path":"\/Users\/lukelu\/xCode\/Hymns-iOS\/HymnsTests\/Repository\/Infrastructure\/Data\/HymnalNetServiceSpec.swift","hash":"ab696e3b6f1508e5635ef72dbc221a2a12271693"},{"path":"\/Users\/lukelu\/xCode\/Hymns-iOS\/HymnsTests\/Repository\/Infrastructure\/Data\/HymnalNetSpec.swift","hash":"dbcbe69e73bba2ee8b91fab07fafe567260349b2"},{"path":"\/Users\/lukelu\/xCode\/Hymns-iOS\/HymnsTests\/Repository\/Infrastructure\/StringExtensionsSpec.swift","hash":"3d967a6bb3757a32744bb1ddfe7813ec539c82fb"},{"path":"\/Users\/lukelu\/xCode\/Hymns-iOS\/HymnsTests\/Repository\/SongRepositoryImplTest.swift","hash":"88c495ecc492d17f44f64d9b4329b1ec1f4d1a96"},{"path":"\/Users\/lukelu\/xCode\/Hymns-iOS\/HymnsTests\/Settings\/SettingsViewModelSpec.swift","hash":"5479be58f77c92c6a2d04d5dfdf3feea38228ec1"},{"path":"\/Users\/lukelu\/xCode\/Hymns-iOS\/HymnsTests\/Tags\/TagListViewModelSpec.swift","hash":"3748633511381851805701f861b6b418f262a3a1"},{"path":"\/Users\/lukelu\/xCode\/Hymns-iOS\/HymnsTests\/Tags\/TagSheetViewModelSpec.swift","hash":"c2151feb0f70aee95ddb172eb562d9315a69e6c8"},{"path":"\/Users\/lukelu\/xCode\/Hymns-iOS\/HymnsTests\/Tags\/TagsStoreRealmImplSpec.swift","hash":"447db7c3496df2004c612d10f4c1b2efc7baa59f"},{"path":"\/Users\/lukelu\/xCode\/Hymns-iOS\/HymnsTests\/Test Utilities\/TestConstants.swift","hash":"e160f3e7b647ff1f17ccde88fd7430afe53f183b"},{"path":"\/Users\/lukelu\/xCode\/Hymns-iOS\/HymnsTests\/Test Utilities\/TestHymns.swift","hash":"2ecc0f5f73400b4bab5798b6a4dfb7c0a5070639"},{"path":"\/Users\/lukelu\/xCode\/Hymns-iOS\/HymnsTests\/Test Utilities\/URLProtocolMock.swift","hash":"7b8267bb0917dd2fe00eef78db3ea0ed2ae2bebf"},{"path":"\/Users\/lukelu\/xCode\/Hymns-iOS\/HymnsTests\/Test Utilities\/XCTestCaseExtension.swift","hash":"e83c80af1c9bee9d6a2eb57e4605d11ac840aa16"},{"path":"\/Users\/lukelu\/xCode\/Hymns-iOS\/HymnsTests\/Utility\/RegexUtilSpec.swift","hash":"39805d2fb728a83706510365f1d6e29282e239ef"},{"path":"\/Users\/lukelu\/xCode\/Hymns-iOS\/MockingbirdMocks\/HymnsMocks.generated.swift","hash":"b5ae2b12d772e067dfda88c9d7d8bbafe1000aae"}],"sourceRoot":"\/Users\/lukelu\/xCode\/Hymns-iOS","dependencies":[],"name":"HymnsTests"}